{
  "version": 4,
  "terraform_version": "1.6.6",
  "serial": 72,
  "lineage": "2bc44c51-f402-21dc-51b7-932b27e34c87",
  "outputs": {},
  "resources": [
    {
      "mode": "managed",
      "type": "proxmox_virtual_environment_file",
      "name": "haos_cloud_image",
      "provider": "provider[\"registry.terraform.io/bpg/proxmox\"]",
      "instances": [
        {
          "schema_version": 0,
          "attributes": {
            "content_type": "iso",
            "datastore_id": "local",
            "file_modification_date": "2024-01-28T14:24:23Z",
            "file_name": "haos_ova-11.4.img",
            "file_size": 928186368,
            "file_tag": "65b66397-37530000",
            "id": "local:iso/haos_ova-11.4.img",
            "node_name": "proxmox",
            "overwrite": true,
            "source_file": [
              {
                "changed": false,
                "checksum": "",
                "file_name": "",
                "insecure": false,
                "min_tls": "",
                "path": "../../iso/haos_ova-11.4.img"
              }
            ],
            "source_raw": [],
            "timeout_upload": 1800
          },
          "sensitive_attributes": [],
          "private": "bnVsbA=="
        }
      ]
    },
    {
      "mode": "managed",
      "type": "proxmox_virtual_environment_file",
      "name": "ubuntu_cloud_image",
      "provider": "provider[\"registry.terraform.io/bpg/proxmox\"]",
      "instances": [
        {
          "schema_version": 0,
          "attributes": {
            "content_type": "iso",
            "datastore_id": "local",
            "file_modification_date": "2024-01-28T14:23:47Z",
            "file_name": "jammy-server-cloudimg-amd64.img",
            "file_size": 992215040,
            "file_tag": "65b66373-3b240000",
            "id": "local:iso/jammy-server-cloudimg-amd64.img",
            "node_name": "proxmox",
            "overwrite": true,
            "source_file": [
              {
                "changed": false,
                "checksum": "",
                "file_name": "",
                "insecure": false,
                "min_tls": "",
                "path": "../../iso/jammy-server-cloudimg-amd64.img"
              }
            ],
            "source_raw": [],
            "timeout_upload": 1800
          },
          "sensitive_attributes": [],
          "private": "bnVsbA=="
        }
      ]
    },
    {
      "mode": "managed",
      "type": "proxmox_virtual_environment_vm",
      "name": "fanat-home-assistant",
      "provider": "provider[\"registry.terraform.io/bpg/proxmox\"]",
      "instances": [
        {
          "schema_version": 0,
          "attributes": {
            "acpi": true,
            "agent": [
              {
                "enabled": true,
                "timeout": "15m",
                "trim": false,
                "type": "virtio"
              }
            ],
            "audio_device": [],
            "bios": "seabios",
            "boot_order": null,
            "cdrom": [],
            "clone": [],
            "cpu": [
              {
                "architecture": "x86_64",
                "cores": 2,
                "flags": [],
                "hotplugged": 0,
                "limit": 0,
                "numa": false,
                "sockets": 1,
                "type": "qemu64",
                "units": 1024
              }
            ],
            "description": "",
            "disk": [
              {
                "cache": "none",
                "datastore_id": "local-zfs",
                "discard": "on",
                "file_format": "raw",
                "file_id": "local:iso/jammy-server-cloudimg-amd64.img",
                "interface": "virtio0",
                "iothread": true,
                "path_in_datastore": "vm-101-disk-0",
                "size": 32,
                "speed": [],
                "ssd": false
              }
            ],
            "efi_disk": [],
            "hook_script_file_id": null,
            "hostpci": [],
            "id": "101",
            "initialization": [
              {
                "datastore_id": "local-zfs",
                "dns": [],
                "interface": "ide2",
                "ip_config": [
                  {
                    "ipv4": [
                      {
                        "address": "192.168.1.29/24",
                        "gateway": "192.168.1.1"
                      }
                    ],
                    "ipv6": []
                  }
                ],
                "meta_data_file_id": "",
                "network_data_file_id": "",
                "type": "",
                "user_account": [
                  {
                    "keys": [
                      "ssh-rsa AAAAB3NzaC1yc2EAAAADAQABAAABgQCQ8ShN9di/m6LXNaIORXnu8QJlJ030A6GGSzc2L3RD8KQEsfDOnrzlLifgFVEdDeigVm9gmM3fVK7p5OZVekaZ/u1x8G3pgoIOIglvjGODkIdPJGNLjU5+VZq2F5b2vPNZNMzSsCGf0HjcIRRqvYLbeG1RuNqNSxsNpynkERPLNPnhVzY8YW1lEH2aFFpbb+VJl7NSckFPkSJxgDkl0T8tbK7vQdbsl/3wLzL8cK2TlCXGavZSaiZ6BoggaFPeFA8eA9iyckVlUPy6MzPvWwfXA/Qnr8OtM0q/wM7Efs3c/Nmc9kwFLSIQIysLBsSB6rp2yL1cgCLVHOISmO6FyjiqXnGLZE6MkrYwZuKD+dhOLVNHsfo/wPVK+NfTwPzsrYWOTLjZIWsKEFF5ykMTIsOKJepKmfKI1kjDDPDPhD+UX11/JTIk2/er5OiSAKvFoDI3bfzqgQjL5FdtuVbX9a7DnIpVBt/CtPNjOVHUw4xucHXw6b8CisT4gq5UT7htnBM="
                    ],
                    "password": "",
                    "username": "fanat"
                  }
                ],
                "user_data_file_id": "",
                "vendor_data_file_id": ""
              }
            ],
            "ipv4_addresses": [],
            "ipv6_addresses": [],
            "keyboard_layout": "en-us",
            "kvm_arguments": "",
            "mac_addresses": [
              "BC:24:11:15:BA:2A"
            ],
            "machine": "",
            "memory": [
              {
                "dedicated": 2048,
                "floating": 0,
                "shared": 0
              }
            ],
            "migrate": false,
            "name": "fanat-home-assistant",
            "network_device": [
              {
                "bridge": "vmbr0",
                "enabled": true,
                "firewall": false,
                "mac_address": "BC:24:11:15:BA:2A",
                "model": "virtio",
                "mtu": 0,
                "queues": 0,
                "rate_limit": 0,
                "vlan_id": 0
              }
            ],
            "network_interface_names": [],
            "node_name": "proxmox",
            "on_boot": true,
            "operating_system": [],
            "pool_id": null,
            "reboot": false,
            "scsi_hardware": "virtio-scsi-pci",
            "serial_device": [],
            "smbios": [],
            "started": false,
            "startup": [],
            "stop_on_destroy": false,
            "tablet_device": true,
            "tags": [],
            "template": false,
            "timeout_clone": 1800,
            "timeout_create": 1800,
            "timeout_migrate": 1800,
            "timeout_move_disk": 1800,
            "timeout_reboot": 1800,
            "timeout_shutdown_vm": 1800,
            "timeout_start_vm": 1800,
            "timeout_stop_vm": 300,
            "tpm_state": [],
            "usb": [],
            "vga": [],
            "vm_id": 101
          },
          "sensitive_attributes": [],
          "private": "bnVsbA==",
          "dependencies": [
            "proxmox_virtual_environment_file.ubuntu_cloud_image"
          ]
        }
      ]
    },
    {
      "mode": "managed",
      "type": "proxmox_virtual_environment_vm",
      "name": "fanat-k8s-cluster-control",
      "provider": "provider[\"registry.terraform.io/bpg/proxmox\"]",
      "instances": [
        {
          "index_key": 0,
          "schema_version": 0,
          "attributes": {
            "acpi": true,
            "agent": [
              {
                "enabled": true,
                "timeout": "15m",
                "trim": false,
                "type": "virtio"
              }
            ],
            "audio_device": [],
            "bios": "seabios",
            "boot_order": null,
            "cdrom": [],
            "clone": [],
            "cpu": [
              {
                "architecture": "x86_64",
                "cores": 2,
                "flags": [],
                "hotplugged": 0,
                "limit": 0,
                "numa": false,
                "sockets": 1,
                "type": "qemu64",
                "units": 1024
              }
            ],
            "description": "",
            "disk": [
              {
                "cache": "none",
                "datastore_id": "local-zfs",
                "discard": "on",
                "file_format": "raw",
                "file_id": "local:iso/jammy-server-cloudimg-amd64.img",
                "interface": "virtio0",
                "iothread": true,
                "path_in_datastore": "vm-104-disk-0",
                "size": 20,
                "speed": [],
                "ssd": false
              }
            ],
            "efi_disk": [],
            "hook_script_file_id": null,
            "hostpci": [],
            "id": "104",
            "initialization": [
              {
                "datastore_id": "local-zfs",
                "dns": [],
                "interface": "ide2",
                "ip_config": [
                  {
                    "ipv4": [
                      {
                        "address": "192.168.1.40/24",
                        "gateway": "192.168.1.1"
                      }
                    ],
                    "ipv6": []
                  }
                ],
                "meta_data_file_id": "",
                "network_data_file_id": "",
                "type": "",
                "user_account": [
                  {
                    "keys": [
                      "ssh-rsa AAAAB3NzaC1yc2EAAAADAQABAAABgQCQ8ShN9di/m6LXNaIORXnu8QJlJ030A6GGSzc2L3RD8KQEsfDOnrzlLifgFVEdDeigVm9gmM3fVK7p5OZVekaZ/u1x8G3pgoIOIglvjGODkIdPJGNLjU5+VZq2F5b2vPNZNMzSsCGf0HjcIRRqvYLbeG1RuNqNSxsNpynkERPLNPnhVzY8YW1lEH2aFFpbb+VJl7NSckFPkSJxgDkl0T8tbK7vQdbsl/3wLzL8cK2TlCXGavZSaiZ6BoggaFPeFA8eA9iyckVlUPy6MzPvWwfXA/Qnr8OtM0q/wM7Efs3c/Nmc9kwFLSIQIysLBsSB6rp2yL1cgCLVHOISmO6FyjiqXnGLZE6MkrYwZuKD+dhOLVNHsfo/wPVK+NfTwPzsrYWOTLjZIWsKEFF5ykMTIsOKJepKmfKI1kjDDPDPhD+UX11/JTIk2/er5OiSAKvFoDI3bfzqgQjL5FdtuVbX9a7DnIpVBt/CtPNjOVHUw4xucHXw6b8CisT4gq5UT7htnBM="
                    ],
                    "password": "",
                    "username": "fanat"
                  }
                ],
                "user_data_file_id": "",
                "vendor_data_file_id": ""
              }
            ],
            "ipv4_addresses": [],
            "ipv6_addresses": [],
            "keyboard_layout": "en-us",
            "kvm_arguments": "",
            "mac_addresses": [
              "BC:24:11:38:96:A4"
            ],
            "machine": "",
            "memory": [
              {
                "dedicated": 2048,
                "floating": 0,
                "shared": 0
              }
            ],
            "migrate": false,
            "name": "fanat-k8s-control-plane-0",
            "network_device": [
              {
                "bridge": "vmbr0",
                "enabled": true,
                "firewall": false,
                "mac_address": "BC:24:11:38:96:A4",
                "model": "virtio",
                "mtu": 0,
                "queues": 0,
                "rate_limit": 0,
                "vlan_id": 0
              }
            ],
            "network_interface_names": [],
            "node_name": "proxmox",
            "on_boot": true,
            "operating_system": [],
            "pool_id": null,
            "reboot": false,
            "scsi_hardware": "virtio-scsi-pci",
            "serial_device": [],
            "smbios": [],
            "started": false,
            "startup": [],
            "stop_on_destroy": false,
            "tablet_device": true,
            "tags": [],
            "template": false,
            "timeout_clone": 1800,
            "timeout_create": 1800,
            "timeout_migrate": 1800,
            "timeout_move_disk": 1800,
            "timeout_reboot": 1800,
            "timeout_shutdown_vm": 1800,
            "timeout_start_vm": 1800,
            "timeout_stop_vm": 300,
            "tpm_state": [],
            "usb": [],
            "vga": [],
            "vm_id": 104
          },
          "sensitive_attributes": [],
          "private": "bnVsbA==",
          "dependencies": [
            "proxmox_virtual_environment_file.ubuntu_cloud_image"
          ]
        },
        {
          "index_key": 1,
          "schema_version": 0,
          "attributes": {
            "acpi": true,
            "agent": [
              {
                "enabled": true,
                "timeout": "15m",
                "trim": false,
                "type": "virtio"
              }
            ],
            "audio_device": [],
            "bios": "seabios",
            "boot_order": null,
            "cdrom": [],
            "clone": [],
            "cpu": [
              {
                "architecture": "x86_64",
                "cores": 2,
                "flags": [],
                "hotplugged": 0,
                "limit": 0,
                "numa": false,
                "sockets": 1,
                "type": "qemu64",
                "units": 1024
              }
            ],
            "description": "",
            "disk": [
              {
                "cache": "none",
                "datastore_id": "local-zfs",
                "discard": "on",
                "file_format": "raw",
                "file_id": "local:iso/jammy-server-cloudimg-amd64.img",
                "interface": "virtio0",
                "iothread": true,
                "path_in_datastore": "vm-102-disk-0",
                "size": 20,
                "speed": [],
                "ssd": false
              }
            ],
            "efi_disk": [],
            "hook_script_file_id": null,
            "hostpci": [],
            "id": "102",
            "initialization": [
              {
                "datastore_id": "local-zfs",
                "dns": [],
                "interface": "ide2",
                "ip_config": [
                  {
                    "ipv4": [
                      {
                        "address": "192.168.1.41/24",
                        "gateway": "192.168.1.1"
                      }
                    ],
                    "ipv6": []
                  }
                ],
                "meta_data_file_id": "",
                "network_data_file_id": "",
                "type": "",
                "user_account": [
                  {
                    "keys": [
                      "ssh-rsa AAAAB3NzaC1yc2EAAAADAQABAAABgQCQ8ShN9di/m6LXNaIORXnu8QJlJ030A6GGSzc2L3RD8KQEsfDOnrzlLifgFVEdDeigVm9gmM3fVK7p5OZVekaZ/u1x8G3pgoIOIglvjGODkIdPJGNLjU5+VZq2F5b2vPNZNMzSsCGf0HjcIRRqvYLbeG1RuNqNSxsNpynkERPLNPnhVzY8YW1lEH2aFFpbb+VJl7NSckFPkSJxgDkl0T8tbK7vQdbsl/3wLzL8cK2TlCXGavZSaiZ6BoggaFPeFA8eA9iyckVlUPy6MzPvWwfXA/Qnr8OtM0q/wM7Efs3c/Nmc9kwFLSIQIysLBsSB6rp2yL1cgCLVHOISmO6FyjiqXnGLZE6MkrYwZuKD+dhOLVNHsfo/wPVK+NfTwPzsrYWOTLjZIWsKEFF5ykMTIsOKJepKmfKI1kjDDPDPhD+UX11/JTIk2/er5OiSAKvFoDI3bfzqgQjL5FdtuVbX9a7DnIpVBt/CtPNjOVHUw4xucHXw6b8CisT4gq5UT7htnBM="
                    ],
                    "password": "",
                    "username": "fanat"
                  }
                ],
                "user_data_file_id": "",
                "vendor_data_file_id": ""
              }
            ],
            "ipv4_addresses": [],
            "ipv6_addresses": [],
            "keyboard_layout": "en-us",
            "kvm_arguments": "",
            "mac_addresses": [
              "BC:24:11:01:F0:23"
            ],
            "machine": "",
            "memory": [
              {
                "dedicated": 2048,
                "floating": 0,
                "shared": 0
              }
            ],
            "migrate": false,
            "name": "fanat-k8s-control-plane-1",
            "network_device": [
              {
                "bridge": "vmbr0",
                "enabled": true,
                "firewall": false,
                "mac_address": "BC:24:11:01:F0:23",
                "model": "virtio",
                "mtu": 0,
                "queues": 0,
                "rate_limit": 0,
                "vlan_id": 0
              }
            ],
            "network_interface_names": [],
            "node_name": "proxmox",
            "on_boot": true,
            "operating_system": [],
            "pool_id": null,
            "reboot": false,
            "scsi_hardware": "virtio-scsi-pci",
            "serial_device": [],
            "smbios": [],
            "started": false,
            "startup": [],
            "stop_on_destroy": false,
            "tablet_device": true,
            "tags": [],
            "template": false,
            "timeout_clone": 1800,
            "timeout_create": 1800,
            "timeout_migrate": 1800,
            "timeout_move_disk": 1800,
            "timeout_reboot": 1800,
            "timeout_shutdown_vm": 1800,
            "timeout_start_vm": 1800,
            "timeout_stop_vm": 300,
            "tpm_state": [],
            "usb": [],
            "vga": [],
            "vm_id": 102
          },
          "sensitive_attributes": [],
          "private": "bnVsbA==",
          "dependencies": [
            "proxmox_virtual_environment_file.ubuntu_cloud_image"
          ]
        },
        {
          "index_key": 2,
          "schema_version": 0,
          "attributes": {
            "acpi": true,
            "agent": [
              {
                "enabled": true,
                "timeout": "15m",
                "trim": false,
                "type": "virtio"
              }
            ],
            "audio_device": [],
            "bios": "seabios",
            "boot_order": null,
            "cdrom": [],
            "clone": [],
            "cpu": [
              {
                "architecture": "x86_64",
                "cores": 2,
                "flags": [],
                "hotplugged": 0,
                "limit": 0,
                "numa": false,
                "sockets": 1,
                "type": "qemu64",
                "units": 1024
              }
            ],
            "description": "",
            "disk": [
              {
                "cache": "none",
                "datastore_id": "local-zfs",
                "discard": "on",
                "file_format": "raw",
                "file_id": "local:iso/jammy-server-cloudimg-amd64.img",
                "interface": "virtio0",
                "iothread": true,
                "path_in_datastore": "vm-110-disk-0",
                "size": 20,
                "speed": [],
                "ssd": false
              }
            ],
            "efi_disk": [],
            "hook_script_file_id": null,
            "hostpci": [],
            "id": "110",
            "initialization": [
              {
                "datastore_id": "local-zfs",
                "dns": [],
                "interface": "ide2",
                "ip_config": [
                  {
                    "ipv4": [
                      {
                        "address": "192.168.1.42/24",
                        "gateway": "192.168.1.1"
                      }
                    ],
                    "ipv6": []
                  }
                ],
                "meta_data_file_id": "",
                "network_data_file_id": "",
                "type": "",
                "user_account": [
                  {
                    "keys": [
                      "ssh-rsa AAAAB3NzaC1yc2EAAAADAQABAAABgQCQ8ShN9di/m6LXNaIORXnu8QJlJ030A6GGSzc2L3RD8KQEsfDOnrzlLifgFVEdDeigVm9gmM3fVK7p5OZVekaZ/u1x8G3pgoIOIglvjGODkIdPJGNLjU5+VZq2F5b2vPNZNMzSsCGf0HjcIRRqvYLbeG1RuNqNSxsNpynkERPLNPnhVzY8YW1lEH2aFFpbb+VJl7NSckFPkSJxgDkl0T8tbK7vQdbsl/3wLzL8cK2TlCXGavZSaiZ6BoggaFPeFA8eA9iyckVlUPy6MzPvWwfXA/Qnr8OtM0q/wM7Efs3c/Nmc9kwFLSIQIysLBsSB6rp2yL1cgCLVHOISmO6FyjiqXnGLZE6MkrYwZuKD+dhOLVNHsfo/wPVK+NfTwPzsrYWOTLjZIWsKEFF5ykMTIsOKJepKmfKI1kjDDPDPhD+UX11/JTIk2/er5OiSAKvFoDI3bfzqgQjL5FdtuVbX9a7DnIpVBt/CtPNjOVHUw4xucHXw6b8CisT4gq5UT7htnBM="
                    ],
                    "password": "",
                    "username": "fanat"
                  }
                ],
                "user_data_file_id": "",
                "vendor_data_file_id": ""
              }
            ],
            "ipv4_addresses": [],
            "ipv6_addresses": [],
            "keyboard_layout": "en-us",
            "kvm_arguments": "",
            "mac_addresses": [
              "BC:24:11:A3:C8:5D"
            ],
            "machine": "",
            "memory": [
              {
                "dedicated": 2048,
                "floating": 0,
                "shared": 0
              }
            ],
            "migrate": false,
            "name": "fanat-k8s-control-plane-2",
            "network_device": [
              {
                "bridge": "vmbr0",
                "enabled": true,
                "firewall": false,
                "mac_address": "BC:24:11:A3:C8:5D",
                "model": "virtio",
                "mtu": 0,
                "queues": 0,
                "rate_limit": 0,
                "vlan_id": 0
              }
            ],
            "network_interface_names": [],
            "node_name": "proxmox",
            "on_boot": true,
            "operating_system": [],
            "pool_id": null,
            "reboot": false,
            "scsi_hardware": "virtio-scsi-pci",
            "serial_device": [],
            "smbios": [],
            "started": false,
            "startup": [],
            "stop_on_destroy": false,
            "tablet_device": true,
            "tags": [],
            "template": false,
            "timeout_clone": 1800,
            "timeout_create": 1800,
            "timeout_migrate": 1800,
            "timeout_move_disk": 1800,
            "timeout_reboot": 1800,
            "timeout_shutdown_vm": 1800,
            "timeout_start_vm": 1800,
            "timeout_stop_vm": 300,
            "tpm_state": [],
            "usb": [],
            "vga": [],
            "vm_id": 110
          },
          "sensitive_attributes": [],
          "private": "bnVsbA==",
          "dependencies": [
            "proxmox_virtual_environment_file.ubuntu_cloud_image"
          ]
        }
      ]
    },
    {
      "mode": "managed",
      "type": "proxmox_virtual_environment_vm",
      "name": "fanat-k8s-cluster-worker",
      "provider": "provider[\"registry.terraform.io/bpg/proxmox\"]",
      "instances": [
        {
          "index_key": 0,
          "schema_version": 0,
          "attributes": {
            "acpi": true,
            "agent": [
              {
                "enabled": true,
                "timeout": "15m",
                "trim": false,
                "type": "virtio"
              }
            ],
            "audio_device": [],
            "bios": "seabios",
            "boot_order": null,
            "cdrom": [],
            "clone": [],
            "cpu": [
              {
                "architecture": "x86_64",
                "cores": 2,
                "flags": [],
                "hotplugged": 0,
                "limit": 0,
                "numa": false,
                "sockets": 1,
                "type": "qemu64",
                "units": 1024
              }
            ],
            "description": "",
            "disk": [
              {
                "cache": "none",
                "datastore_id": "local-zfs",
                "discard": "on",
                "file_format": "raw",
                "file_id": "local:iso/jammy-server-cloudimg-amd64.img",
                "interface": "virtio0",
                "iothread": true,
                "path_in_datastore": "vm-105-disk-0",
                "size": 20,
                "speed": [],
                "ssd": false
              }
            ],
            "efi_disk": [],
            "hook_script_file_id": null,
            "hostpci": [],
            "id": "105",
            "initialization": [
              {
                "datastore_id": "local-zfs",
                "dns": [],
                "interface": "ide2",
                "ip_config": [
                  {
                    "ipv4": [
                      {
                        "address": "192.168.1.43/24",
                        "gateway": "192.168.1.1"
                      }
                    ],
                    "ipv6": []
                  }
                ],
                "meta_data_file_id": "",
                "network_data_file_id": "",
                "type": "",
                "user_account": [
                  {
                    "keys": [
                      "ssh-rsa AAAAB3NzaC1yc2EAAAADAQABAAABgQCQ8ShN9di/m6LXNaIORXnu8QJlJ030A6GGSzc2L3RD8KQEsfDOnrzlLifgFVEdDeigVm9gmM3fVK7p5OZVekaZ/u1x8G3pgoIOIglvjGODkIdPJGNLjU5+VZq2F5b2vPNZNMzSsCGf0HjcIRRqvYLbeG1RuNqNSxsNpynkERPLNPnhVzY8YW1lEH2aFFpbb+VJl7NSckFPkSJxgDkl0T8tbK7vQdbsl/3wLzL8cK2TlCXGavZSaiZ6BoggaFPeFA8eA9iyckVlUPy6MzPvWwfXA/Qnr8OtM0q/wM7Efs3c/Nmc9kwFLSIQIysLBsSB6rp2yL1cgCLVHOISmO6FyjiqXnGLZE6MkrYwZuKD+dhOLVNHsfo/wPVK+NfTwPzsrYWOTLjZIWsKEFF5ykMTIsOKJepKmfKI1kjDDPDPhD+UX11/JTIk2/er5OiSAKvFoDI3bfzqgQjL5FdtuVbX9a7DnIpVBt/CtPNjOVHUw4xucHXw6b8CisT4gq5UT7htnBM="
                    ],
                    "password": "",
                    "username": "fanat"
                  }
                ],
                "user_data_file_id": "",
                "vendor_data_file_id": ""
              }
            ],
            "ipv4_addresses": [],
            "ipv6_addresses": [],
            "keyboard_layout": "en-us",
            "kvm_arguments": "",
            "mac_addresses": [
              "BC:24:11:78:2A:C9"
            ],
            "machine": "",
            "memory": [
              {
                "dedicated": 2048,
                "floating": 0,
                "shared": 0
              }
            ],
            "migrate": false,
            "name": "fanat-k8s-worker-0",
            "network_device": [
              {
                "bridge": "vmbr0",
                "enabled": true,
                "firewall": false,
                "mac_address": "BC:24:11:78:2A:C9",
                "model": "virtio",
                "mtu": 0,
                "queues": 0,
                "rate_limit": 0,
                "vlan_id": 0
              }
            ],
            "network_interface_names": [],
            "node_name": "proxmox",
            "on_boot": true,
            "operating_system": [],
            "pool_id": null,
            "reboot": false,
            "scsi_hardware": "virtio-scsi-pci",
            "serial_device": [],
            "smbios": [],
            "started": false,
            "startup": [],
            "stop_on_destroy": false,
            "tablet_device": true,
            "tags": [],
            "template": false,
            "timeout_clone": 1800,
            "timeout_create": 1800,
            "timeout_migrate": 1800,
            "timeout_move_disk": 1800,
            "timeout_reboot": 1800,
            "timeout_shutdown_vm": 1800,
            "timeout_start_vm": 1800,
            "timeout_stop_vm": 300,
            "tpm_state": [],
            "usb": [],
            "vga": [],
            "vm_id": 105
          },
          "sensitive_attributes": [],
          "private": "bnVsbA==",
          "dependencies": [
            "proxmox_virtual_environment_file.ubuntu_cloud_image"
          ]
        },
        {
          "index_key": 1,
          "schema_version": 0,
          "attributes": {
            "acpi": true,
            "agent": [
              {
                "enabled": true,
                "timeout": "15m",
                "trim": false,
                "type": "virtio"
              }
            ],
            "audio_device": [],
            "bios": "seabios",
            "boot_order": null,
            "cdrom": [],
            "clone": [],
            "cpu": [
              {
                "architecture": "x86_64",
                "cores": 2,
                "flags": [],
                "hotplugged": 0,
                "limit": 0,
                "numa": false,
                "sockets": 1,
                "type": "qemu64",
                "units": 1024
              }
            ],
            "description": "",
            "disk": [
              {
                "cache": "none",
                "datastore_id": "local-zfs",
                "discard": "on",
                "file_format": "raw",
                "file_id": "local:iso/jammy-server-cloudimg-amd64.img",
                "interface": "virtio0",
                "iothread": true,
                "path_in_datastore": "vm-109-disk-0",
                "size": 20,
                "speed": [],
                "ssd": false
              }
            ],
            "efi_disk": [],
            "hook_script_file_id": null,
            "hostpci": [],
            "id": "109",
            "initialization": [
              {
                "datastore_id": "local-zfs",
                "dns": [],
                "interface": "ide2",
                "ip_config": [
                  {
                    "ipv4": [
                      {
                        "address": "192.168.1.44/24",
                        "gateway": "192.168.1.1"
                      }
                    ],
                    "ipv6": []
                  }
                ],
                "meta_data_file_id": "",
                "network_data_file_id": "",
                "type": "",
                "user_account": [
                  {
                    "keys": [
                      "ssh-rsa AAAAB3NzaC1yc2EAAAADAQABAAABgQCQ8ShN9di/m6LXNaIORXnu8QJlJ030A6GGSzc2L3RD8KQEsfDOnrzlLifgFVEdDeigVm9gmM3fVK7p5OZVekaZ/u1x8G3pgoIOIglvjGODkIdPJGNLjU5+VZq2F5b2vPNZNMzSsCGf0HjcIRRqvYLbeG1RuNqNSxsNpynkERPLNPnhVzY8YW1lEH2aFFpbb+VJl7NSckFPkSJxgDkl0T8tbK7vQdbsl/3wLzL8cK2TlCXGavZSaiZ6BoggaFPeFA8eA9iyckVlUPy6MzPvWwfXA/Qnr8OtM0q/wM7Efs3c/Nmc9kwFLSIQIysLBsSB6rp2yL1cgCLVHOISmO6FyjiqXnGLZE6MkrYwZuKD+dhOLVNHsfo/wPVK+NfTwPzsrYWOTLjZIWsKEFF5ykMTIsOKJepKmfKI1kjDDPDPhD+UX11/JTIk2/er5OiSAKvFoDI3bfzqgQjL5FdtuVbX9a7DnIpVBt/CtPNjOVHUw4xucHXw6b8CisT4gq5UT7htnBM="
                    ],
                    "password": "",
                    "username": "fanat"
                  }
                ],
                "user_data_file_id": "",
                "vendor_data_file_id": ""
              }
            ],
            "ipv4_addresses": [],
            "ipv6_addresses": [],
            "keyboard_layout": "en-us",
            "kvm_arguments": "",
            "mac_addresses": [
              "BC:24:11:6C:10:A1"
            ],
            "machine": "",
            "memory": [
              {
                "dedicated": 2048,
                "floating": 0,
                "shared": 0
              }
            ],
            "migrate": false,
            "name": "fanat-k8s-worker-1",
            "network_device": [
              {
                "bridge": "vmbr0",
                "enabled": true,
                "firewall": false,
                "mac_address": "BC:24:11:6C:10:A1",
                "model": "virtio",
                "mtu": 0,
                "queues": 0,
                "rate_limit": 0,
                "vlan_id": 0
              }
            ],
            "network_interface_names": [],
            "node_name": "proxmox",
            "on_boot": true,
            "operating_system": [],
            "pool_id": null,
            "reboot": false,
            "scsi_hardware": "virtio-scsi-pci",
            "serial_device": [],
            "smbios": [],
            "started": false,
            "startup": [],
            "stop_on_destroy": false,
            "tablet_device": true,
            "tags": [],
            "template": false,
            "timeout_clone": 1800,
            "timeout_create": 1800,
            "timeout_migrate": 1800,
            "timeout_move_disk": 1800,
            "timeout_reboot": 1800,
            "timeout_shutdown_vm": 1800,
            "timeout_start_vm": 1800,
            "timeout_stop_vm": 300,
            "tpm_state": [],
            "usb": [],
            "vga": [],
            "vm_id": 109
          },
          "sensitive_attributes": [],
          "private": "bnVsbA==",
          "dependencies": [
            "proxmox_virtual_environment_file.ubuntu_cloud_image"
          ]
        }
      ]
    },
    {
      "mode": "managed",
      "type": "proxmox_virtual_environment_vm",
      "name": "fanat-minio-cluster",
      "provider": "provider[\"registry.terraform.io/bpg/proxmox\"]",
      "instances": [
        {
          "index_key": 0,
          "schema_version": 0,
          "attributes": {
            "acpi": true,
            "agent": [
              {
                "enabled": true,
                "timeout": "15m",
                "trim": false,
                "type": "virtio"
              }
            ],
            "audio_device": [],
            "bios": "seabios",
            "boot_order": null,
            "cdrom": [],
            "clone": [],
            "cpu": [
              {
                "architecture": "x86_64",
                "cores": 2,
                "flags": [],
                "hotplugged": 0,
                "limit": 0,
                "numa": false,
                "sockets": 1,
                "type": "qemu64",
                "units": 1024
              }
            ],
            "description": "",
            "disk": [
              {
                "cache": "none",
                "datastore_id": "local-zfs",
                "discard": "on",
                "file_format": "raw",
                "file_id": "local:iso/jammy-server-cloudimg-amd64.img",
                "interface": "virtio0",
                "iothread": true,
                "path_in_datastore": "vm-103-disk-4",
                "size": 20,
                "speed": [],
                "ssd": false
              },
              {
                "cache": "none",
                "datastore_id": "local-zfs",
                "discard": "on",
                "file_format": "raw",
                "file_id": "",
                "interface": "virtio1",
                "iothread": true,
                "path_in_datastore": "vm-103-disk-0",
                "size": 10,
                "speed": [],
                "ssd": false
              },
              {
                "cache": "none",
                "datastore_id": "local-zfs",
                "discard": "on",
                "file_format": "raw",
                "file_id": "",
                "interface": "virtio2",
                "iothread": true,
                "path_in_datastore": "vm-103-disk-1",
                "size": 10,
                "speed": [],
                "ssd": false
              },
              {
                "cache": "none",
                "datastore_id": "local-zfs",
                "discard": "on",
                "file_format": "raw",
                "file_id": "",
                "interface": "virtio3",
                "iothread": true,
                "path_in_datastore": "vm-103-disk-2",
                "size": 10,
                "speed": [],
                "ssd": false
              },
              {
                "cache": "none",
                "datastore_id": "local-zfs",
                "discard": "on",
                "file_format": "raw",
                "file_id": "",
                "interface": "virtio4",
                "iothread": true,
                "path_in_datastore": "vm-103-disk-3",
                "size": 10,
                "speed": [],
                "ssd": false
              }
            ],
            "efi_disk": [],
            "hook_script_file_id": null,
            "hostpci": [],
            "id": "103",
            "initialization": [
              {
                "datastore_id": "local-zfs",
                "dns": [],
                "interface": "ide2",
                "ip_config": [
                  {
                    "ipv4": [
                      {
                        "address": "192.168.1.50/24",
                        "gateway": "192.168.1.1"
                      }
                    ],
                    "ipv6": []
                  }
                ],
                "meta_data_file_id": "",
                "network_data_file_id": "",
                "type": "",
                "user_account": [
                  {
                    "keys": [
                      "ssh-rsa AAAAB3NzaC1yc2EAAAADAQABAAABgQCQ8ShN9di/m6LXNaIORXnu8QJlJ030A6GGSzc2L3RD8KQEsfDOnrzlLifgFVEdDeigVm9gmM3fVK7p5OZVekaZ/u1x8G3pgoIOIglvjGODkIdPJGNLjU5+VZq2F5b2vPNZNMzSsCGf0HjcIRRqvYLbeG1RuNqNSxsNpynkERPLNPnhVzY8YW1lEH2aFFpbb+VJl7NSckFPkSJxgDkl0T8tbK7vQdbsl/3wLzL8cK2TlCXGavZSaiZ6BoggaFPeFA8eA9iyckVlUPy6MzPvWwfXA/Qnr8OtM0q/wM7Efs3c/Nmc9kwFLSIQIysLBsSB6rp2yL1cgCLVHOISmO6FyjiqXnGLZE6MkrYwZuKD+dhOLVNHsfo/wPVK+NfTwPzsrYWOTLjZIWsKEFF5ykMTIsOKJepKmfKI1kjDDPDPhD+UX11/JTIk2/er5OiSAKvFoDI3bfzqgQjL5FdtuVbX9a7DnIpVBt/CtPNjOVHUw4xucHXw6b8CisT4gq5UT7htnBM="
                    ],
                    "password": "",
                    "username": "fanat"
                  }
                ],
                "user_data_file_id": "",
                "vendor_data_file_id": ""
              }
            ],
            "ipv4_addresses": [
              [
                "127.0.0.1"
              ],
              [
                "192.168.1.50"
              ]
            ],
            "ipv6_addresses": [
              [
                "::1"
              ],
              [
                "fe80::be24:11ff:fee5:8648"
              ]
            ],
            "keyboard_layout": "en-us",
            "kvm_arguments": "",
            "mac_addresses": [
              "00:00:00:00:00:00",
              "BC:24:11:E5:86:48"
            ],
            "machine": "",
            "memory": [
              {
                "dedicated": 2048,
                "floating": 0,
                "shared": 0
              }
            ],
            "migrate": false,
            "name": "fanat-minio-0",
            "network_device": [
              {
                "bridge": "vmbr0",
                "enabled": true,
                "firewall": false,
                "mac_address": "BC:24:11:E5:86:48",
                "model": "virtio",
                "mtu": 0,
                "queues": 0,
                "rate_limit": 0,
                "vlan_id": 0
              }
            ],
            "network_interface_names": [
              "lo",
              "eth0"
            ],
            "node_name": "proxmox",
            "on_boot": true,
            "operating_system": [],
            "pool_id": null,
            "reboot": false,
            "scsi_hardware": "virtio-scsi-pci",
            "serial_device": [],
            "smbios": [],
            "started": true,
            "startup": [],
            "stop_on_destroy": false,
            "tablet_device": true,
            "tags": [],
            "template": false,
            "timeout_clone": 1800,
            "timeout_create": 1800,
            "timeout_migrate": 1800,
            "timeout_move_disk": 1800,
            "timeout_reboot": 1800,
            "timeout_shutdown_vm": 1800,
            "timeout_start_vm": 1800,
            "timeout_stop_vm": 300,
            "tpm_state": [],
            "usb": [],
            "vga": [],
            "vm_id": 103
          },
          "sensitive_attributes": [],
          "private": "bnVsbA==",
          "dependencies": [
            "proxmox_virtual_environment_file.ubuntu_cloud_image"
          ]
        },
        {
          "index_key": 1,
          "schema_version": 0,
          "attributes": {
            "acpi": true,
            "agent": [
              {
                "enabled": true,
                "timeout": "15m",
                "trim": false,
                "type": "virtio"
              }
            ],
            "audio_device": [],
            "bios": "seabios",
            "boot_order": null,
            "cdrom": [],
            "clone": [],
            "cpu": [
              {
                "architecture": "x86_64",
                "cores": 2,
                "flags": [],
                "hotplugged": 0,
                "limit": 0,
                "numa": false,
                "sockets": 1,
                "type": "qemu64",
                "units": 1024
              }
            ],
            "description": "",
            "disk": [
              {
                "cache": "none",
                "datastore_id": "local-zfs",
                "discard": "on",
                "file_format": "raw",
                "file_id": "local:iso/jammy-server-cloudimg-amd64.img",
                "interface": "virtio0",
                "iothread": true,
                "path_in_datastore": "vm-107-disk-4",
                "size": 20,
                "speed": [],
                "ssd": false
              },
              {
                "cache": "none",
                "datastore_id": "local-zfs",
                "discard": "on",
                "file_format": "raw",
                "file_id": "",
                "interface": "virtio1",
                "iothread": true,
                "path_in_datastore": "vm-107-disk-0",
                "size": 10,
                "speed": [],
                "ssd": false
              },
              {
                "cache": "none",
                "datastore_id": "local-zfs",
                "discard": "on",
                "file_format": "raw",
                "file_id": "",
                "interface": "virtio2",
                "iothread": true,
                "path_in_datastore": "vm-107-disk-1",
                "size": 10,
                "speed": [],
                "ssd": false
              },
              {
                "cache": "none",
                "datastore_id": "local-zfs",
                "discard": "on",
                "file_format": "raw",
                "file_id": "",
                "interface": "virtio3",
                "iothread": true,
                "path_in_datastore": "vm-107-disk-2",
                "size": 10,
                "speed": [],
                "ssd": false
              },
              {
                "cache": "none",
                "datastore_id": "local-zfs",
                "discard": "on",
                "file_format": "raw",
                "file_id": "",
                "interface": "virtio4",
                "iothread": true,
                "path_in_datastore": "vm-107-disk-3",
                "size": 10,
                "speed": [],
                "ssd": false
              }
            ],
            "efi_disk": [],
            "hook_script_file_id": null,
            "hostpci": [],
            "id": "107",
            "initialization": [
              {
                "datastore_id": "local-zfs",
                "dns": [],
                "interface": "ide2",
                "ip_config": [
                  {
                    "ipv4": [
                      {
                        "address": "192.168.1.51/24",
                        "gateway": "192.168.1.1"
                      }
                    ],
                    "ipv6": []
                  }
                ],
                "meta_data_file_id": "",
                "network_data_file_id": "",
                "type": "",
                "user_account": [
                  {
                    "keys": [
                      "ssh-rsa AAAAB3NzaC1yc2EAAAADAQABAAABgQCQ8ShN9di/m6LXNaIORXnu8QJlJ030A6GGSzc2L3RD8KQEsfDOnrzlLifgFVEdDeigVm9gmM3fVK7p5OZVekaZ/u1x8G3pgoIOIglvjGODkIdPJGNLjU5+VZq2F5b2vPNZNMzSsCGf0HjcIRRqvYLbeG1RuNqNSxsNpynkERPLNPnhVzY8YW1lEH2aFFpbb+VJl7NSckFPkSJxgDkl0T8tbK7vQdbsl/3wLzL8cK2TlCXGavZSaiZ6BoggaFPeFA8eA9iyckVlUPy6MzPvWwfXA/Qnr8OtM0q/wM7Efs3c/Nmc9kwFLSIQIysLBsSB6rp2yL1cgCLVHOISmO6FyjiqXnGLZE6MkrYwZuKD+dhOLVNHsfo/wPVK+NfTwPzsrYWOTLjZIWsKEFF5ykMTIsOKJepKmfKI1kjDDPDPhD+UX11/JTIk2/er5OiSAKvFoDI3bfzqgQjL5FdtuVbX9a7DnIpVBt/CtPNjOVHUw4xucHXw6b8CisT4gq5UT7htnBM="
                    ],
                    "password": "",
                    "username": "fanat"
                  }
                ],
                "user_data_file_id": "",
                "vendor_data_file_id": ""
              }
            ],
            "ipv4_addresses": [
              [
                "127.0.0.1"
              ],
              [
                "192.168.1.51"
              ]
            ],
            "ipv6_addresses": [
              [
                "::1"
              ],
              [
                "fe80::be24:11ff:fe93:738a"
              ]
            ],
            "keyboard_layout": "en-us",
            "kvm_arguments": "",
            "mac_addresses": [
              "00:00:00:00:00:00",
              "BC:24:11:93:73:8A"
            ],
            "machine": "",
            "memory": [
              {
                "dedicated": 2048,
                "floating": 0,
                "shared": 0
              }
            ],
            "migrate": false,
            "name": "fanat-minio-1",
            "network_device": [
              {
                "bridge": "vmbr0",
                "enabled": true,
                "firewall": false,
                "mac_address": "BC:24:11:93:73:8A",
                "model": "virtio",
                "mtu": 0,
                "queues": 0,
                "rate_limit": 0,
                "vlan_id": 0
              }
            ],
            "network_interface_names": [
              "lo",
              "eth0"
            ],
            "node_name": "proxmox",
            "on_boot": true,
            "operating_system": [],
            "pool_id": null,
            "reboot": false,
            "scsi_hardware": "virtio-scsi-pci",
            "serial_device": [],
            "smbios": [],
            "started": true,
            "startup": [],
            "stop_on_destroy": false,
            "tablet_device": true,
            "tags": [],
            "template": false,
            "timeout_clone": 1800,
            "timeout_create": 1800,
            "timeout_migrate": 1800,
            "timeout_move_disk": 1800,
            "timeout_reboot": 1800,
            "timeout_shutdown_vm": 1800,
            "timeout_start_vm": 1800,
            "timeout_stop_vm": 300,
            "tpm_state": [],
            "usb": [],
            "vga": [],
            "vm_id": 107
          },
          "sensitive_attributes": [],
          "private": "bnVsbA==",
          "dependencies": [
            "proxmox_virtual_environment_file.ubuntu_cloud_image"
          ]
        },
        {
          "index_key": 2,
          "schema_version": 0,
          "attributes": {
            "acpi": true,
            "agent": [
              {
                "enabled": true,
                "timeout": "15m",
                "trim": false,
                "type": "virtio"
              }
            ],
            "audio_device": [],
            "bios": "seabios",
            "boot_order": null,
            "cdrom": [],
            "clone": [],
            "cpu": [
              {
                "architecture": "x86_64",
                "cores": 2,
                "flags": [],
                "hotplugged": 0,
                "limit": 0,
                "numa": false,
                "sockets": 1,
                "type": "qemu64",
                "units": 1024
              }
            ],
            "description": "",
            "disk": [
              {
                "cache": "none",
                "datastore_id": "local-zfs",
                "discard": "on",
                "file_format": "raw",
                "file_id": "local:iso/jammy-server-cloudimg-amd64.img",
                "interface": "virtio0",
                "iothread": true,
                "path_in_datastore": "vm-106-disk-4",
                "size": 20,
                "speed": [],
                "ssd": false
              },
              {
                "cache": "none",
                "datastore_id": "local-zfs",
                "discard": "on",
                "file_format": "raw",
                "file_id": "",
                "interface": "virtio1",
                "iothread": true,
                "path_in_datastore": "vm-106-disk-0",
                "size": 10,
                "speed": [],
                "ssd": false
              },
              {
                "cache": "none",
                "datastore_id": "local-zfs",
                "discard": "on",
                "file_format": "raw",
                "file_id": "",
                "interface": "virtio2",
                "iothread": true,
                "path_in_datastore": "vm-106-disk-1",
                "size": 10,
                "speed": [],
                "ssd": false
              },
              {
                "cache": "none",
                "datastore_id": "local-zfs",
                "discard": "on",
                "file_format": "raw",
                "file_id": "",
                "interface": "virtio3",
                "iothread": true,
                "path_in_datastore": "vm-106-disk-2",
                "size": 10,
                "speed": [],
                "ssd": false
              },
              {
                "cache": "none",
                "datastore_id": "local-zfs",
                "discard": "on",
                "file_format": "raw",
                "file_id": "",
                "interface": "virtio4",
                "iothread": true,
                "path_in_datastore": "vm-106-disk-3",
                "size": 10,
                "speed": [],
                "ssd": false
              }
            ],
            "efi_disk": [],
            "hook_script_file_id": null,
            "hostpci": [],
            "id": "106",
            "initialization": [
              {
                "datastore_id": "local-zfs",
                "dns": [],
                "interface": "ide2",
                "ip_config": [
                  {
                    "ipv4": [
                      {
                        "address": "192.168.1.52/24",
                        "gateway": "192.168.1.1"
                      }
                    ],
                    "ipv6": []
                  }
                ],
                "meta_data_file_id": "",
                "network_data_file_id": "",
                "type": "",
                "user_account": [
                  {
                    "keys": [
                      "ssh-rsa AAAAB3NzaC1yc2EAAAADAQABAAABgQCQ8ShN9di/m6LXNaIORXnu8QJlJ030A6GGSzc2L3RD8KQEsfDOnrzlLifgFVEdDeigVm9gmM3fVK7p5OZVekaZ/u1x8G3pgoIOIglvjGODkIdPJGNLjU5+VZq2F5b2vPNZNMzSsCGf0HjcIRRqvYLbeG1RuNqNSxsNpynkERPLNPnhVzY8YW1lEH2aFFpbb+VJl7NSckFPkSJxgDkl0T8tbK7vQdbsl/3wLzL8cK2TlCXGavZSaiZ6BoggaFPeFA8eA9iyckVlUPy6MzPvWwfXA/Qnr8OtM0q/wM7Efs3c/Nmc9kwFLSIQIysLBsSB6rp2yL1cgCLVHOISmO6FyjiqXnGLZE6MkrYwZuKD+dhOLVNHsfo/wPVK+NfTwPzsrYWOTLjZIWsKEFF5ykMTIsOKJepKmfKI1kjDDPDPhD+UX11/JTIk2/er5OiSAKvFoDI3bfzqgQjL5FdtuVbX9a7DnIpVBt/CtPNjOVHUw4xucHXw6b8CisT4gq5UT7htnBM="
                    ],
                    "password": "",
                    "username": "fanat"
                  }
                ],
                "user_data_file_id": "",
                "vendor_data_file_id": ""
              }
            ],
            "ipv4_addresses": [
              [
                "127.0.0.1"
              ],
              [
                "192.168.1.52"
              ]
            ],
            "ipv6_addresses": [
              [
                "::1"
              ],
              [
                "fe80::be24:11ff:fe60:32ab"
              ]
            ],
            "keyboard_layout": "en-us",
            "kvm_arguments": "",
            "mac_addresses": [
              "00:00:00:00:00:00",
              "BC:24:11:60:32:AB"
            ],
            "machine": "",
            "memory": [
              {
                "dedicated": 2048,
                "floating": 0,
                "shared": 0
              }
            ],
            "migrate": false,
            "name": "fanat-minio-2",
            "network_device": [
              {
                "bridge": "vmbr0",
                "enabled": true,
                "firewall": false,
                "mac_address": "BC:24:11:60:32:AB",
                "model": "virtio",
                "mtu": 0,
                "queues": 0,
                "rate_limit": 0,
                "vlan_id": 0
              }
            ],
            "network_interface_names": [
              "lo",
              "eth0"
            ],
            "node_name": "proxmox",
            "on_boot": true,
            "operating_system": [],
            "pool_id": null,
            "reboot": false,
            "scsi_hardware": "virtio-scsi-pci",
            "serial_device": [],
            "smbios": [],
            "started": true,
            "startup": [],
            "stop_on_destroy": false,
            "tablet_device": true,
            "tags": [],
            "template": false,
            "timeout_clone": 1800,
            "timeout_create": 1800,
            "timeout_migrate": 1800,
            "timeout_move_disk": 1800,
            "timeout_reboot": 1800,
            "timeout_shutdown_vm": 1800,
            "timeout_start_vm": 1800,
            "timeout_stop_vm": 300,
            "tpm_state": [],
            "usb": [],
            "vga": [],
            "vm_id": 106
          },
          "sensitive_attributes": [],
          "private": "bnVsbA==",
          "dependencies": [
            "proxmox_virtual_environment_file.ubuntu_cloud_image"
          ]
        },
        {
          "index_key": 3,
          "schema_version": 0,
          "attributes": {
            "acpi": true,
            "agent": [
              {
                "enabled": true,
                "timeout": "15m",
                "trim": false,
                "type": "virtio"
              }
            ],
            "audio_device": [],
            "bios": "seabios",
            "boot_order": null,
            "cdrom": [],
            "clone": [],
            "cpu": [
              {
                "architecture": "x86_64",
                "cores": 2,
                "flags": [],
                "hotplugged": 0,
                "limit": 0,
                "numa": false,
                "sockets": 1,
                "type": "qemu64",
                "units": 1024
              }
            ],
            "description": "",
            "disk": [
              {
                "cache": "none",
                "datastore_id": "local-zfs",
                "discard": "on",
                "file_format": "raw",
                "file_id": "local:iso/jammy-server-cloudimg-amd64.img",
                "interface": "virtio0",
                "iothread": true,
                "path_in_datastore": "vm-108-disk-4",
                "size": 20,
                "speed": [],
                "ssd": false
              },
              {
                "cache": "none",
                "datastore_id": "local-zfs",
                "discard": "on",
                "file_format": "raw",
                "file_id": "",
                "interface": "virtio1",
                "iothread": true,
                "path_in_datastore": "vm-108-disk-0",
                "size": 10,
                "speed": [],
                "ssd": false
              },
              {
                "cache": "none",
                "datastore_id": "local-zfs",
                "discard": "on",
                "file_format": "raw",
                "file_id": "",
                "interface": "virtio2",
                "iothread": true,
                "path_in_datastore": "vm-108-disk-1",
                "size": 10,
                "speed": [],
                "ssd": false
              },
              {
                "cache": "none",
                "datastore_id": "local-zfs",
                "discard": "on",
                "file_format": "raw",
                "file_id": "",
                "interface": "virtio3",
                "iothread": true,
                "path_in_datastore": "vm-108-disk-2",
                "size": 10,
                "speed": [],
                "ssd": false
              },
              {
                "cache": "none",
                "datastore_id": "local-zfs",
                "discard": "on",
                "file_format": "raw",
                "file_id": "",
                "interface": "virtio4",
                "iothread": true,
                "path_in_datastore": "vm-108-disk-3",
                "size": 10,
                "speed": [],
                "ssd": false
              }
            ],
            "efi_disk": [],
            "hook_script_file_id": null,
            "hostpci": [],
            "id": "108",
            "initialization": [
              {
                "datastore_id": "local-zfs",
                "dns": [],
                "interface": "ide2",
                "ip_config": [
                  {
                    "ipv4": [
                      {
                        "address": "192.168.1.53/24",
                        "gateway": "192.168.1.1"
                      }
                    ],
                    "ipv6": []
                  }
                ],
                "meta_data_file_id": "",
                "network_data_file_id": "",
                "type": "",
                "user_account": [
                  {
                    "keys": [
                      "ssh-rsa AAAAB3NzaC1yc2EAAAADAQABAAABgQCQ8ShN9di/m6LXNaIORXnu8QJlJ030A6GGSzc2L3RD8KQEsfDOnrzlLifgFVEdDeigVm9gmM3fVK7p5OZVekaZ/u1x8G3pgoIOIglvjGODkIdPJGNLjU5+VZq2F5b2vPNZNMzSsCGf0HjcIRRqvYLbeG1RuNqNSxsNpynkERPLNPnhVzY8YW1lEH2aFFpbb+VJl7NSckFPkSJxgDkl0T8tbK7vQdbsl/3wLzL8cK2TlCXGavZSaiZ6BoggaFPeFA8eA9iyckVlUPy6MzPvWwfXA/Qnr8OtM0q/wM7Efs3c/Nmc9kwFLSIQIysLBsSB6rp2yL1cgCLVHOISmO6FyjiqXnGLZE6MkrYwZuKD+dhOLVNHsfo/wPVK+NfTwPzsrYWOTLjZIWsKEFF5ykMTIsOKJepKmfKI1kjDDPDPhD+UX11/JTIk2/er5OiSAKvFoDI3bfzqgQjL5FdtuVbX9a7DnIpVBt/CtPNjOVHUw4xucHXw6b8CisT4gq5UT7htnBM="
                    ],
                    "password": "",
                    "username": "fanat"
                  }
                ],
                "user_data_file_id": "",
                "vendor_data_file_id": ""
              }
            ],
            "ipv4_addresses": [
              [
                "127.0.0.1"
              ],
              [
                "192.168.1.53"
              ]
            ],
            "ipv6_addresses": [
              [
                "::1"
              ],
              [
                "fe80::be24:11ff:feea:43fd"
              ]
            ],
            "keyboard_layout": "en-us",
            "kvm_arguments": "",
            "mac_addresses": [
              "00:00:00:00:00:00",
              "BC:24:11:EA:43:FD"
            ],
            "machine": "",
            "memory": [
              {
                "dedicated": 2048,
                "floating": 0,
                "shared": 0
              }
            ],
            "migrate": false,
            "name": "fanat-minio-3",
            "network_device": [
              {
                "bridge": "vmbr0",
                "enabled": true,
                "firewall": false,
                "mac_address": "BC:24:11:EA:43:FD",
                "model": "virtio",
                "mtu": 0,
                "queues": 0,
                "rate_limit": 0,
                "vlan_id": 0
              }
            ],
            "network_interface_names": [
              "lo",
              "eth0"
            ],
            "node_name": "proxmox",
            "on_boot": true,
            "operating_system": [],
            "pool_id": null,
            "reboot": false,
            "scsi_hardware": "virtio-scsi-pci",
            "serial_device": [],
            "smbios": [],
            "started": true,
            "startup": [],
            "stop_on_destroy": false,
            "tablet_device": true,
            "tags": [],
            "template": false,
            "timeout_clone": 1800,
            "timeout_create": 1800,
            "timeout_migrate": 1800,
            "timeout_move_disk": 1800,
            "timeout_reboot": 1800,
            "timeout_shutdown_vm": 1800,
            "timeout_start_vm": 1800,
            "timeout_stop_vm": 300,
            "tpm_state": [],
            "usb": [],
            "vga": [],
            "vm_id": 108
          },
          "sensitive_attributes": [],
          "private": "bnVsbA==",
          "dependencies": [
            "proxmox_virtual_environment_file.ubuntu_cloud_image"
          ]
        }
      ]
    },
    {
      "mode": "managed",
      "type": "proxmox_virtual_environment_vm",
      "name": "fanat-test-ubuntu",
      "provider": "provider[\"registry.terraform.io/bpg/proxmox\"]",
      "instances": [
        {
          "schema_version": 0,
          "attributes": {
            "acpi": true,
            "agent": [
              {
                "enabled": true,
                "timeout": "15m",
                "trim": false,
                "type": "virtio"
              }
            ],
            "audio_device": [],
            "bios": "seabios",
            "boot_order": null,
            "cdrom": [],
            "clone": [],
            "cpu": [
              {
                "architecture": "x86_64",
                "cores": 4,
                "flags": [],
                "hotplugged": 0,
                "limit": 0,
                "numa": false,
                "sockets": 1,
                "type": "qemu64",
                "units": 1024
              }
            ],
            "description": "",
            "disk": [
              {
                "cache": "none",
                "datastore_id": "local-zfs",
                "discard": "on",
                "file_format": "raw",
                "file_id": "local:iso/jammy-server-cloudimg-amd64.img",
                "interface": "virtio0",
                "iothread": true,
                "path_in_datastore": "vm-100-disk-0",
                "size": 20,
                "speed": [],
                "ssd": false
              }
            ],
            "efi_disk": [],
            "hook_script_file_id": null,
            "hostpci": [],
            "id": "100",
            "initialization": [
              {
                "datastore_id": "local-zfs",
                "dns": [],
                "interface": "ide2",
                "ip_config": [
                  {
                    "ipv4": [
                      {
                        "address": "192.168.1.77/24",
                        "gateway": "192.168.1.1"
                      }
                    ],
                    "ipv6": []
                  }
                ],
                "meta_data_file_id": "",
                "network_data_file_id": "",
                "type": "",
                "user_account": [
                  {
                    "keys": [
                      "ssh-rsa AAAAB3NzaC1yc2EAAAADAQABAAABgQCQ8ShN9di/m6LXNaIORXnu8QJlJ030A6GGSzc2L3RD8KQEsfDOnrzlLifgFVEdDeigVm9gmM3fVK7p5OZVekaZ/u1x8G3pgoIOIglvjGODkIdPJGNLjU5+VZq2F5b2vPNZNMzSsCGf0HjcIRRqvYLbeG1RuNqNSxsNpynkERPLNPnhVzY8YW1lEH2aFFpbb+VJl7NSckFPkSJxgDkl0T8tbK7vQdbsl/3wLzL8cK2TlCXGavZSaiZ6BoggaFPeFA8eA9iyckVlUPy6MzPvWwfXA/Qnr8OtM0q/wM7Efs3c/Nmc9kwFLSIQIysLBsSB6rp2yL1cgCLVHOISmO6FyjiqXnGLZE6MkrYwZuKD+dhOLVNHsfo/wPVK+NfTwPzsrYWOTLjZIWsKEFF5ykMTIsOKJepKmfKI1kjDDPDPhD+UX11/JTIk2/er5OiSAKvFoDI3bfzqgQjL5FdtuVbX9a7DnIpVBt/CtPNjOVHUw4xucHXw6b8CisT4gq5UT7htnBM="
                    ],
                    "password": "",
                    "username": "fanat"
                  }
                ],
                "user_data_file_id": "",
                "vendor_data_file_id": ""
              }
            ],
            "ipv4_addresses": [
              [
                "127.0.0.1"
              ],
              [
                "192.168.1.77"
              ]
            ],
            "ipv6_addresses": [
              [
                "::1"
              ],
              [
                "fe80::be24:11ff:fe90:4c06"
              ]
            ],
            "keyboard_layout": "en-us",
            "kvm_arguments": "",
            "mac_addresses": [
              "00:00:00:00:00:00",
              "BC:24:11:90:4C:06"
            ],
            "machine": "",
            "memory": [
              {
                "dedicated": 4096,
                "floating": 0,
                "shared": 0
              }
            ],
            "migrate": false,
            "name": "fanat-test-ubuntu",
            "network_device": [
              {
                "bridge": "vmbr0",
                "enabled": true,
                "firewall": false,
                "mac_address": "BC:24:11:90:4C:06",
                "model": "virtio",
                "mtu": 0,
                "queues": 0,
                "rate_limit": 0,
                "vlan_id": 0
              }
            ],
            "network_interface_names": [
              "lo",
              "eth0"
            ],
            "node_name": "proxmox",
            "on_boot": true,
            "operating_system": [],
            "pool_id": null,
            "reboot": false,
            "scsi_hardware": "virtio-scsi-pci",
            "serial_device": [],
            "smbios": [],
            "started": true,
            "startup": [],
            "stop_on_destroy": false,
            "tablet_device": true,
            "tags": [],
            "template": false,
            "timeout_clone": 1800,
            "timeout_create": 1800,
            "timeout_migrate": 1800,
            "timeout_move_disk": 1800,
            "timeout_reboot": 1800,
            "timeout_shutdown_vm": 1800,
            "timeout_start_vm": 1800,
            "timeout_stop_vm": 300,
            "tpm_state": [],
            "usb": [],
            "vga": [],
            "vm_id": 100
          },
          "sensitive_attributes": [],
          "private": "bnVsbA==",
          "dependencies": [
            "proxmox_virtual_environment_file.ubuntu_cloud_image"
          ]
        }
      ]
    }
  ],
  "check_results": null
}
