{
  "version": 4,
  "terraform_version": "1.6.6",
  "serial": 97,
  "lineage": "568b6387-4dd5-1e2d-d031-732b3e2b6b48",
  "outputs": {
    "dns-fanat-home_id": {
      "value": 101,
      "type": "number"
    },
    "dns-fanat-home_ip": {
      "value": "192.168.1.2",
      "type": "string"
    },
    "dns-fanat-home_network_mac_addresses": {
      "value": "BC:24:11:17:B3:09",
      "type": "string"
    },
    "fanat-home-assistant_id": {
      "value": 100,
      "type": "number"
    },
    "fanat-home-assistant_ip": {
      "value": "192.168.1.29",
      "type": "string"
    },
    "fanat-minio-cluster_ips": {
      "value": [
        [
          "192.168.1.50"
        ],
        [
          "192.168.1.51"
        ],
        [
          "192.168.1.52"
        ],
        [
          "192.168.1.53"
        ]
      ],
      "type": [
        "tuple",
        [
          [
            "list",
            "string"
          ],
          [
            "list",
            "string"
          ],
          [
            "list",
            "string"
          ],
          [
            "list",
            "string"
          ]
        ]
      ]
    },
    "fanat-test-ubuntu_id": {
      "value": 102,
      "type": "number"
    },
    "fanat-test-ubuntu_ip": {
      "value": "192.168.1.77",
      "type": "string"
    }
  },
  "resources": [
    {
      "mode": "managed",
      "type": "proxmox_virtual_environment_file",
      "name": "haos_cloud_image",
      "provider": "provider[\"registry.terraform.io/bpg/proxmox\"]",
      "instances": [
        {
          "schema_version": 0,
          "attributes": {
            "content_type": "iso",
            "datastore_id": "local-btrfs",
            "file_modification_date": "2024-01-28T14:24:23Z",
            "file_name": "haos_ova-11.4.img",
            "file_size": 928186368,
            "file_tag": "65b66397-37530000",
            "id": "local-btrfs:iso/haos_ova-11.4.img",
            "node_name": "proxmox",
            "overwrite": true,
            "source_file": [
              {
                "changed": false,
                "checksum": "",
                "file_name": "",
                "insecure": false,
                "min_tls": "",
                "path": "../../iso/haos_ova-11.4.img"
              }
            ],
            "source_raw": [],
            "timeout_upload": 1800
          },
          "sensitive_attributes": [],
          "private": "bnVsbA=="
        }
      ]
    },
    {
      "mode": "managed",
      "type": "proxmox_virtual_environment_file",
      "name": "ubuntu_cloud_image",
      "provider": "provider[\"registry.terraform.io/bpg/proxmox\"]",
      "instances": [
        {
          "schema_version": 0,
          "attributes": {
            "content_type": "iso",
            "datastore_id": "local-btrfs",
            "file_modification_date": "2024-01-28T14:23:47Z",
            "file_name": "jammy-server-cloudimg-amd64.img",
            "file_size": 992215040,
            "file_tag": "65b66373-3b240000",
            "id": "local-btrfs:iso/jammy-server-cloudimg-amd64.img",
            "node_name": "proxmox",
            "overwrite": true,
            "source_file": [
              {
                "changed": false,
                "checksum": "",
                "file_name": "",
                "insecure": false,
                "min_tls": "",
                "path": "../../iso/jammy-server-cloudimg-amd64.img"
              }
            ],
            "source_raw": [],
            "timeout_upload": 1800
          },
          "sensitive_attributes": [],
          "private": "bnVsbA=="
        }
      ]
    },
    {
      "mode": "managed",
      "type": "proxmox_virtual_environment_vm",
      "name": "dns-fanat-home",
      "provider": "provider[\"registry.terraform.io/bpg/proxmox\"]",
      "instances": [
        {
          "schema_version": 0,
          "attributes": {
            "acpi": true,
            "agent": [
              {
                "enabled": true,
                "timeout": "15m",
                "trim": false,
                "type": "virtio"
              }
            ],
            "audio_device": [],
            "bios": "seabios",
            "boot_order": null,
            "cdrom": [],
            "clone": [],
            "cpu": [
              {
                "architecture": "x86_64",
                "cores": 2,
                "flags": [],
                "hotplugged": 0,
                "limit": 0,
                "numa": false,
                "sockets": 1,
                "type": "qemu64",
                "units": 1024
              }
            ],
            "description": "",
            "disk": [
              {
                "cache": "none",
                "datastore_id": "local-btrfs",
                "discard": "on",
                "file_format": "raw",
                "file_id": "local-btrfs:iso/jammy-server-cloudimg-amd64.img",
                "interface": "virtio0",
                "iothread": true,
                "path_in_datastore": "101/vm-101-disk-0.raw",
                "size": 3,
                "speed": [],
                "ssd": false
              }
            ],
            "efi_disk": [],
            "hook_script_file_id": null,
            "hostpci": [],
            "id": "101",
            "initialization": [
              {
                "datastore_id": "local-btrfs",
                "dns": [],
                "interface": "ide2",
                "ip_config": [
                  {
                    "ipv4": [
                      {
                        "address": "192.168.1.2/24",
                        "gateway": "192.168.1.1"
                      }
                    ],
                    "ipv6": []
                  }
                ],
                "meta_data_file_id": "",
                "network_data_file_id": "",
                "type": "",
                "user_account": [
                  {
                    "keys": [
                      "ssh-rsa AAAAB3NzaC1yc2EAAAADAQABAAABgQCQ8ShN9di/m6LXNaIORXnu8QJlJ030A6GGSzc2L3RD8KQEsfDOnrzlLifgFVEdDeigVm9gmM3fVK7p5OZVekaZ/u1x8G3pgoIOIglvjGODkIdPJGNLjU5+VZq2F5b2vPNZNMzSsCGf0HjcIRRqvYLbeG1RuNqNSxsNpynkERPLNPnhVzY8YW1lEH2aFFpbb+VJl7NSckFPkSJxgDkl0T8tbK7vQdbsl/3wLzL8cK2TlCXGavZSaiZ6BoggaFPeFA8eA9iyckVlUPy6MzPvWwfXA/Qnr8OtM0q/wM7Efs3c/Nmc9kwFLSIQIysLBsSB6rp2yL1cgCLVHOISmO6FyjiqXnGLZE6MkrYwZuKD+dhOLVNHsfo/wPVK+NfTwPzsrYWOTLjZIWsKEFF5ykMTIsOKJepKmfKI1kjDDPDPhD+UX11/JTIk2/er5OiSAKvFoDI3bfzqgQjL5FdtuVbX9a7DnIpVBt/CtPNjOVHUw4xucHXw6b8CisT4gq5UT7htnBM="
                    ],
                    "password": "**********",
                    "username": "fanat"
                  }
                ],
                "user_data_file_id": "",
                "vendor_data_file_id": ""
              }
            ],
            "ipv4_addresses": [
              [
                "127.0.0.1"
              ],
              [
                "192.168.1.2"
              ]
            ],
            "ipv6_addresses": [
              [
                "::1"
              ],
              [
                "fe80::be24:11ff:fe17:b309"
              ]
            ],
            "keyboard_layout": "en-us",
            "kvm_arguments": "",
            "mac_addresses": [
              "00:00:00:00:00:00",
              "BC:24:11:17:B3:09"
            ],
            "machine": "",
            "memory": [
              {
                "dedicated": 512,
                "floating": 0,
                "shared": 0
              }
            ],
            "migrate": false,
            "name": "dns.fanat.home",
            "network_device": [
              {
                "bridge": "vmbr0",
                "enabled": true,
                "firewall": false,
                "mac_address": "BC:24:11:17:B3:09",
                "model": "virtio",
                "mtu": 0,
                "queues": 0,
                "rate_limit": 0,
                "vlan_id": 0
              }
            ],
            "network_interface_names": [
              "lo",
              "eth0"
            ],
            "node_name": "proxmox",
            "on_boot": true,
            "operating_system": [],
            "pool_id": null,
            "reboot": false,
            "scsi_hardware": "virtio-scsi-pci",
            "serial_device": [],
            "smbios": [],
            "started": true,
            "startup": [],
            "stop_on_destroy": false,
            "tablet_device": true,
            "tags": [],
            "template": false,
            "timeout_clone": 1800,
            "timeout_create": 1800,
            "timeout_migrate": 1800,
            "timeout_move_disk": 1800,
            "timeout_reboot": 1800,
            "timeout_shutdown_vm": 1800,
            "timeout_start_vm": 1800,
            "timeout_stop_vm": 300,
            "tpm_state": [],
            "usb": [],
            "vga": [],
            "vm_id": 101
          },
          "sensitive_attributes": [],
          "private": "bnVsbA==",
          "dependencies": [
            "proxmox_virtual_environment_file.ubuntu_cloud_image"
          ]
        }
      ]
    },
    {
      "mode": "managed",
      "type": "proxmox_virtual_environment_vm",
      "name": "fanat-home-assistant",
      "provider": "provider[\"registry.terraform.io/bpg/proxmox\"]",
      "instances": [
        {
          "schema_version": 0,
          "attributes": {
            "acpi": true,
            "agent": [
              {
                "enabled": true,
                "timeout": "15m",
                "trim": false,
                "type": "virtio"
              }
            ],
            "audio_device": [],
            "bios": "seabios",
            "boot_order": null,
            "cdrom": [],
            "clone": [],
            "cpu": [
              {
                "architecture": "x86_64",
                "cores": 2,
                "flags": [],
                "hotplugged": 0,
                "limit": 0,
                "numa": false,
                "sockets": 1,
                "type": "qemu64",
                "units": 1024
              }
            ],
            "description": "",
            "disk": [
              {
                "cache": "none",
                "datastore_id": "local-btrfs",
                "discard": "on",
                "file_format": "raw",
                "file_id": "local-btrfs:iso/jammy-server-cloudimg-amd64.img",
                "interface": "virtio0",
                "iothread": true,
                "path_in_datastore": "100/vm-100-disk-0.raw",
                "size": 32,
                "speed": [],
                "ssd": false
              }
            ],
            "efi_disk": [],
            "hook_script_file_id": null,
            "hostpci": [],
            "id": "100",
            "initialization": [
              {
                "datastore_id": "local-btrfs",
                "dns": [],
                "interface": "ide2",
                "ip_config": [
                  {
                    "ipv4": [
                      {
                        "address": "192.168.1.29/24",
                        "gateway": "192.168.1.1"
                      }
                    ],
                    "ipv6": []
                  }
                ],
                "meta_data_file_id": "",
                "network_data_file_id": "",
                "type": "",
                "user_account": [
                  {
                    "keys": [
                      "ssh-rsa AAAAB3NzaC1yc2EAAAADAQABAAABgQCQ8ShN9di/m6LXNaIORXnu8QJlJ030A6GGSzc2L3RD8KQEsfDOnrzlLifgFVEdDeigVm9gmM3fVK7p5OZVekaZ/u1x8G3pgoIOIglvjGODkIdPJGNLjU5+VZq2F5b2vPNZNMzSsCGf0HjcIRRqvYLbeG1RuNqNSxsNpynkERPLNPnhVzY8YW1lEH2aFFpbb+VJl7NSckFPkSJxgDkl0T8tbK7vQdbsl/3wLzL8cK2TlCXGavZSaiZ6BoggaFPeFA8eA9iyckVlUPy6MzPvWwfXA/Qnr8OtM0q/wM7Efs3c/Nmc9kwFLSIQIysLBsSB6rp2yL1cgCLVHOISmO6FyjiqXnGLZE6MkrYwZuKD+dhOLVNHsfo/wPVK+NfTwPzsrYWOTLjZIWsKEFF5ykMTIsOKJepKmfKI1kjDDPDPhD+UX11/JTIk2/er5OiSAKvFoDI3bfzqgQjL5FdtuVbX9a7DnIpVBt/CtPNjOVHUw4xucHXw6b8CisT4gq5UT7htnBM="
                    ],
                    "password": "**********",
                    "username": "fanat"
                  }
                ],
                "user_data_file_id": "",
                "vendor_data_file_id": ""
              }
            ],
            "ipv4_addresses": [
              [
                "127.0.0.1"
              ],
              [
                "192.168.1.29"
              ]
            ],
            "ipv6_addresses": [
              [
                "::1"
              ],
              [
                "fe80::be24:11ff:fe9d:ebd0"
              ]
            ],
            "keyboard_layout": "en-us",
            "kvm_arguments": "",
            "mac_addresses": [
              "00:00:00:00:00:00",
              "BC:24:11:9D:EB:D0"
            ],
            "machine": "",
            "memory": [
              {
                "dedicated": 2048,
                "floating": 0,
                "shared": 0
              }
            ],
            "migrate": false,
            "name": "fanat-home-assistant",
            "network_device": [
              {
                "bridge": "vmbr0",
                "enabled": true,
                "firewall": false,
                "mac_address": "BC:24:11:9D:EB:D0",
                "model": "virtio",
                "mtu": 0,
                "queues": 0,
                "rate_limit": 0,
                "vlan_id": 0
              }
            ],
            "network_interface_names": [
              "lo",
              "eth0"
            ],
            "node_name": "proxmox",
            "on_boot": true,
            "operating_system": [],
            "pool_id": null,
            "reboot": false,
            "scsi_hardware": "virtio-scsi-pci",
            "serial_device": [],
            "smbios": [],
            "started": true,
            "startup": [],
            "stop_on_destroy": false,
            "tablet_device": true,
            "tags": [],
            "template": false,
            "timeout_clone": 1800,
            "timeout_create": 1800,
            "timeout_migrate": 1800,
            "timeout_move_disk": 1800,
            "timeout_reboot": 1800,
            "timeout_shutdown_vm": 1800,
            "timeout_start_vm": 1800,
            "timeout_stop_vm": 300,
            "tpm_state": [],
            "usb": [],
            "vga": [],
            "vm_id": 100
          },
          "sensitive_attributes": [],
          "private": "bnVsbA==",
          "dependencies": [
            "proxmox_virtual_environment_file.ubuntu_cloud_image"
          ]
        }
      ]
    },
    {
      "mode": "managed",
      "type": "proxmox_virtual_environment_vm",
      "name": "fanat-minio-cluster",
      "provider": "provider[\"registry.terraform.io/bpg/proxmox\"]",
      "instances": [
        {
          "index_key": 0,
          "schema_version": 0,
          "attributes": {
            "acpi": true,
            "agent": [
              {
                "enabled": true,
                "timeout": "15m",
                "trim": false,
                "type": "virtio"
              }
            ],
            "audio_device": [],
            "bios": "seabios",
            "boot_order": null,
            "cdrom": [],
            "clone": [],
            "cpu": [
              {
                "architecture": "x86_64",
                "cores": 2,
                "flags": [],
                "hotplugged": 0,
                "limit": 0,
                "numa": false,
                "sockets": 1,
                "type": "qemu64",
                "units": 1024
              }
            ],
            "description": "",
            "disk": [
              {
                "cache": "none",
                "datastore_id": "local-btrfs",
                "discard": "on",
                "file_format": "raw",
                "file_id": "local-btrfs:iso/jammy-server-cloudimg-amd64.img",
                "interface": "virtio0",
                "iothread": true,
                "path_in_datastore": "105/vm-105-disk-0.raw",
                "size": 50,
                "speed": [],
                "ssd": false
              }
            ],
            "efi_disk": [],
            "hook_script_file_id": null,
            "hostpci": [],
            "id": "105",
            "initialization": [
              {
                "datastore_id": "local-btrfs",
                "dns": [],
                "interface": "ide2",
                "ip_config": [
                  {
                    "ipv4": [
                      {
                        "address": "192.168.1.50/24",
                        "gateway": "192.168.1.1"
                      }
                    ],
                    "ipv6": []
                  }
                ],
                "meta_data_file_id": "",
                "network_data_file_id": "",
                "type": "",
                "user_account": [
                  {
                    "keys": [
                      "ssh-rsa AAAAB3NzaC1yc2EAAAADAQABAAABgQCQ8ShN9di/m6LXNaIORXnu8QJlJ030A6GGSzc2L3RD8KQEsfDOnrzlLifgFVEdDeigVm9gmM3fVK7p5OZVekaZ/u1x8G3pgoIOIglvjGODkIdPJGNLjU5+VZq2F5b2vPNZNMzSsCGf0HjcIRRqvYLbeG1RuNqNSxsNpynkERPLNPnhVzY8YW1lEH2aFFpbb+VJl7NSckFPkSJxgDkl0T8tbK7vQdbsl/3wLzL8cK2TlCXGavZSaiZ6BoggaFPeFA8eA9iyckVlUPy6MzPvWwfXA/Qnr8OtM0q/wM7Efs3c/Nmc9kwFLSIQIysLBsSB6rp2yL1cgCLVHOISmO6FyjiqXnGLZE6MkrYwZuKD+dhOLVNHsfo/wPVK+NfTwPzsrYWOTLjZIWsKEFF5ykMTIsOKJepKmfKI1kjDDPDPhD+UX11/JTIk2/er5OiSAKvFoDI3bfzqgQjL5FdtuVbX9a7DnIpVBt/CtPNjOVHUw4xucHXw6b8CisT4gq5UT7htnBM="
                    ],
                    "password": "",
                    "username": "fanat"
                  }
                ],
                "user_data_file_id": "",
                "vendor_data_file_id": ""
              }
            ],
            "ipv4_addresses": [
              [
                "127.0.0.1"
              ],
              [
                "192.168.1.50"
              ]
            ],
            "ipv6_addresses": [
              [
                "::1"
              ],
              [
                "fe80::be24:11ff:fe93:a2ce"
              ]
            ],
            "keyboard_layout": "en-us",
            "kvm_arguments": "",
            "mac_addresses": [
              "00:00:00:00:00:00",
              "BC:24:11:93:A2:CE"
            ],
            "machine": "",
            "memory": [
              {
                "dedicated": 2048,
                "floating": 0,
                "shared": 0
              }
            ],
            "migrate": false,
            "name": "fanat-minio-0",
            "network_device": [
              {
                "bridge": "vmbr0",
                "enabled": true,
                "firewall": false,
                "mac_address": "BC:24:11:93:A2:CE",
                "model": "virtio",
                "mtu": 0,
                "queues": 0,
                "rate_limit": 0,
                "vlan_id": 0
              }
            ],
            "network_interface_names": [
              "lo",
              "eth0"
            ],
            "node_name": "proxmox",
            "on_boot": true,
            "operating_system": [],
            "pool_id": null,
            "reboot": false,
            "scsi_hardware": "virtio-scsi-pci",
            "serial_device": [],
            "smbios": [],
            "started": true,
            "startup": [],
            "stop_on_destroy": false,
            "tablet_device": true,
            "tags": [],
            "template": false,
            "timeout_clone": 1800,
            "timeout_create": 1800,
            "timeout_migrate": 1800,
            "timeout_move_disk": 1800,
            "timeout_reboot": 1800,
            "timeout_shutdown_vm": 1800,
            "timeout_start_vm": 1800,
            "timeout_stop_vm": 300,
            "tpm_state": [],
            "usb": [],
            "vga": [],
            "vm_id": 105
          },
          "sensitive_attributes": [],
          "private": "bnVsbA==",
          "dependencies": [
            "proxmox_virtual_environment_file.ubuntu_cloud_image"
          ]
        },
        {
          "index_key": 1,
          "schema_version": 0,
          "attributes": {
            "acpi": true,
            "agent": [
              {
                "enabled": true,
                "timeout": "15m",
                "trim": false,
                "type": "virtio"
              }
            ],
            "audio_device": [],
            "bios": "seabios",
            "boot_order": null,
            "cdrom": [],
            "clone": [],
            "cpu": [
              {
                "architecture": "x86_64",
                "cores": 2,
                "flags": [],
                "hotplugged": 0,
                "limit": 0,
                "numa": false,
                "sockets": 1,
                "type": "qemu64",
                "units": 1024
              }
            ],
            "description": "",
            "disk": [
              {
                "cache": "none",
                "datastore_id": "local-btrfs",
                "discard": "on",
                "file_format": "raw",
                "file_id": "local-btrfs:iso/jammy-server-cloudimg-amd64.img",
                "interface": "virtio0",
                "iothread": true,
                "path_in_datastore": "104/vm-104-disk-0.raw",
                "size": 50,
                "speed": [],
                "ssd": false
              }
            ],
            "efi_disk": [],
            "hook_script_file_id": null,
            "hostpci": [],
            "id": "104",
            "initialization": [
              {
                "datastore_id": "local-btrfs",
                "dns": [],
                "interface": "ide2",
                "ip_config": [
                  {
                    "ipv4": [
                      {
                        "address": "192.168.1.51/24",
                        "gateway": "192.168.1.1"
                      }
                    ],
                    "ipv6": []
                  }
                ],
                "meta_data_file_id": "",
                "network_data_file_id": "",
                "type": "",
                "user_account": [
                  {
                    "keys": [
                      "ssh-rsa AAAAB3NzaC1yc2EAAAADAQABAAABgQCQ8ShN9di/m6LXNaIORXnu8QJlJ030A6GGSzc2L3RD8KQEsfDOnrzlLifgFVEdDeigVm9gmM3fVK7p5OZVekaZ/u1x8G3pgoIOIglvjGODkIdPJGNLjU5+VZq2F5b2vPNZNMzSsCGf0HjcIRRqvYLbeG1RuNqNSxsNpynkERPLNPnhVzY8YW1lEH2aFFpbb+VJl7NSckFPkSJxgDkl0T8tbK7vQdbsl/3wLzL8cK2TlCXGavZSaiZ6BoggaFPeFA8eA9iyckVlUPy6MzPvWwfXA/Qnr8OtM0q/wM7Efs3c/Nmc9kwFLSIQIysLBsSB6rp2yL1cgCLVHOISmO6FyjiqXnGLZE6MkrYwZuKD+dhOLVNHsfo/wPVK+NfTwPzsrYWOTLjZIWsKEFF5ykMTIsOKJepKmfKI1kjDDPDPhD+UX11/JTIk2/er5OiSAKvFoDI3bfzqgQjL5FdtuVbX9a7DnIpVBt/CtPNjOVHUw4xucHXw6b8CisT4gq5UT7htnBM="
                    ],
                    "password": "",
                    "username": "fanat"
                  }
                ],
                "user_data_file_id": "",
                "vendor_data_file_id": ""
              }
            ],
            "ipv4_addresses": [
              [
                "127.0.0.1"
              ],
              [
                "192.168.1.51"
              ]
            ],
            "ipv6_addresses": [
              [
                "::1"
              ],
              [
                "fe80::be24:11ff:fe06:270f"
              ]
            ],
            "keyboard_layout": "en-us",
            "kvm_arguments": "",
            "mac_addresses": [
              "00:00:00:00:00:00",
              "BC:24:11:06:27:0F"
            ],
            "machine": "",
            "memory": [
              {
                "dedicated": 2048,
                "floating": 0,
                "shared": 0
              }
            ],
            "migrate": false,
            "name": "fanat-minio-1",
            "network_device": [
              {
                "bridge": "vmbr0",
                "enabled": true,
                "firewall": false,
                "mac_address": "BC:24:11:06:27:0F",
                "model": "virtio",
                "mtu": 0,
                "queues": 0,
                "rate_limit": 0,
                "vlan_id": 0
              }
            ],
            "network_interface_names": [
              "lo",
              "eth0"
            ],
            "node_name": "proxmox",
            "on_boot": true,
            "operating_system": [],
            "pool_id": null,
            "reboot": false,
            "scsi_hardware": "virtio-scsi-pci",
            "serial_device": [],
            "smbios": [],
            "started": true,
            "startup": [],
            "stop_on_destroy": false,
            "tablet_device": true,
            "tags": [],
            "template": false,
            "timeout_clone": 1800,
            "timeout_create": 1800,
            "timeout_migrate": 1800,
            "timeout_move_disk": 1800,
            "timeout_reboot": 1800,
            "timeout_shutdown_vm": 1800,
            "timeout_start_vm": 1800,
            "timeout_stop_vm": 300,
            "tpm_state": [],
            "usb": [],
            "vga": [],
            "vm_id": 104
          },
          "sensitive_attributes": [],
          "private": "bnVsbA==",
          "dependencies": [
            "proxmox_virtual_environment_file.ubuntu_cloud_image"
          ]
        },
        {
          "index_key": 2,
          "schema_version": 0,
          "attributes": {
            "acpi": true,
            "agent": [
              {
                "enabled": true,
                "timeout": "15m",
                "trim": false,
                "type": "virtio"
              }
            ],
            "audio_device": [],
            "bios": "seabios",
            "boot_order": null,
            "cdrom": [],
            "clone": [],
            "cpu": [
              {
                "architecture": "x86_64",
                "cores": 2,
                "flags": [],
                "hotplugged": 0,
                "limit": 0,
                "numa": false,
                "sockets": 1,
                "type": "qemu64",
                "units": 1024
              }
            ],
            "description": "",
            "disk": [
              {
                "cache": "none",
                "datastore_id": "local-btrfs",
                "discard": "on",
                "file_format": "raw",
                "file_id": "local-btrfs:iso/jammy-server-cloudimg-amd64.img",
                "interface": "virtio0",
                "iothread": true,
                "path_in_datastore": "106/vm-106-disk-0.raw",
                "size": 50,
                "speed": [],
                "ssd": false
              }
            ],
            "efi_disk": [],
            "hook_script_file_id": null,
            "hostpci": [],
            "id": "106",
            "initialization": [
              {
                "datastore_id": "local-btrfs",
                "dns": [],
                "interface": "ide2",
                "ip_config": [
                  {
                    "ipv4": [
                      {
                        "address": "192.168.1.52/24",
                        "gateway": "192.168.1.1"
                      }
                    ],
                    "ipv6": []
                  }
                ],
                "meta_data_file_id": "",
                "network_data_file_id": "",
                "type": "",
                "user_account": [
                  {
                    "keys": [
                      "ssh-rsa AAAAB3NzaC1yc2EAAAADAQABAAABgQCQ8ShN9di/m6LXNaIORXnu8QJlJ030A6GGSzc2L3RD8KQEsfDOnrzlLifgFVEdDeigVm9gmM3fVK7p5OZVekaZ/u1x8G3pgoIOIglvjGODkIdPJGNLjU5+VZq2F5b2vPNZNMzSsCGf0HjcIRRqvYLbeG1RuNqNSxsNpynkERPLNPnhVzY8YW1lEH2aFFpbb+VJl7NSckFPkSJxgDkl0T8tbK7vQdbsl/3wLzL8cK2TlCXGavZSaiZ6BoggaFPeFA8eA9iyckVlUPy6MzPvWwfXA/Qnr8OtM0q/wM7Efs3c/Nmc9kwFLSIQIysLBsSB6rp2yL1cgCLVHOISmO6FyjiqXnGLZE6MkrYwZuKD+dhOLVNHsfo/wPVK+NfTwPzsrYWOTLjZIWsKEFF5ykMTIsOKJepKmfKI1kjDDPDPhD+UX11/JTIk2/er5OiSAKvFoDI3bfzqgQjL5FdtuVbX9a7DnIpVBt/CtPNjOVHUw4xucHXw6b8CisT4gq5UT7htnBM="
                    ],
                    "password": "",
                    "username": "fanat"
                  }
                ],
                "user_data_file_id": "",
                "vendor_data_file_id": ""
              }
            ],
            "ipv4_addresses": [
              [
                "127.0.0.1"
              ],
              [
                "192.168.1.52"
              ]
            ],
            "ipv6_addresses": [
              [
                "::1"
              ],
              [
                "fe80::be24:11ff:fe8c:fcf0"
              ]
            ],
            "keyboard_layout": "en-us",
            "kvm_arguments": "",
            "mac_addresses": [
              "00:00:00:00:00:00",
              "BC:24:11:8C:FC:F0"
            ],
            "machine": "",
            "memory": [
              {
                "dedicated": 2048,
                "floating": 0,
                "shared": 0
              }
            ],
            "migrate": false,
            "name": "fanat-minio-2",
            "network_device": [
              {
                "bridge": "vmbr0",
                "enabled": true,
                "firewall": false,
                "mac_address": "BC:24:11:8C:FC:F0",
                "model": "virtio",
                "mtu": 0,
                "queues": 0,
                "rate_limit": 0,
                "vlan_id": 0
              }
            ],
            "network_interface_names": [
              "lo",
              "eth0"
            ],
            "node_name": "proxmox",
            "on_boot": true,
            "operating_system": [],
            "pool_id": null,
            "reboot": false,
            "scsi_hardware": "virtio-scsi-pci",
            "serial_device": [],
            "smbios": [],
            "started": true,
            "startup": [],
            "stop_on_destroy": false,
            "tablet_device": true,
            "tags": [],
            "template": false,
            "timeout_clone": 1800,
            "timeout_create": 1800,
            "timeout_migrate": 1800,
            "timeout_move_disk": 1800,
            "timeout_reboot": 1800,
            "timeout_shutdown_vm": 1800,
            "timeout_start_vm": 1800,
            "timeout_stop_vm": 300,
            "tpm_state": [],
            "usb": [],
            "vga": [],
            "vm_id": 106
          },
          "sensitive_attributes": [],
          "private": "bnVsbA==",
          "dependencies": [
            "proxmox_virtual_environment_file.ubuntu_cloud_image"
          ]
        },
        {
          "index_key": 3,
          "schema_version": 0,
          "attributes": {
            "acpi": true,
            "agent": [
              {
                "enabled": true,
                "timeout": "15m",
                "trim": false,
                "type": "virtio"
              }
            ],
            "audio_device": [],
            "bios": "seabios",
            "boot_order": null,
            "cdrom": [],
            "clone": [],
            "cpu": [
              {
                "architecture": "x86_64",
                "cores": 2,
                "flags": [],
                "hotplugged": 0,
                "limit": 0,
                "numa": false,
                "sockets": 1,
                "type": "qemu64",
                "units": 1024
              }
            ],
            "description": "",
            "disk": [
              {
                "cache": "none",
                "datastore_id": "local-btrfs",
                "discard": "on",
                "file_format": "raw",
                "file_id": "local-btrfs:iso/jammy-server-cloudimg-amd64.img",
                "interface": "virtio0",
                "iothread": true,
                "path_in_datastore": "103/vm-103-disk-0.raw",
                "size": 50,
                "speed": [],
                "ssd": false
              }
            ],
            "efi_disk": [],
            "hook_script_file_id": null,
            "hostpci": [],
            "id": "103",
            "initialization": [
              {
                "datastore_id": "local-btrfs",
                "dns": [],
                "interface": "ide2",
                "ip_config": [
                  {
                    "ipv4": [
                      {
                        "address": "192.168.1.53/24",
                        "gateway": "192.168.1.1"
                      }
                    ],
                    "ipv6": []
                  }
                ],
                "meta_data_file_id": "",
                "network_data_file_id": "",
                "type": "",
                "user_account": [
                  {
                    "keys": [
                      "ssh-rsa AAAAB3NzaC1yc2EAAAADAQABAAABgQCQ8ShN9di/m6LXNaIORXnu8QJlJ030A6GGSzc2L3RD8KQEsfDOnrzlLifgFVEdDeigVm9gmM3fVK7p5OZVekaZ/u1x8G3pgoIOIglvjGODkIdPJGNLjU5+VZq2F5b2vPNZNMzSsCGf0HjcIRRqvYLbeG1RuNqNSxsNpynkERPLNPnhVzY8YW1lEH2aFFpbb+VJl7NSckFPkSJxgDkl0T8tbK7vQdbsl/3wLzL8cK2TlCXGavZSaiZ6BoggaFPeFA8eA9iyckVlUPy6MzPvWwfXA/Qnr8OtM0q/wM7Efs3c/Nmc9kwFLSIQIysLBsSB6rp2yL1cgCLVHOISmO6FyjiqXnGLZE6MkrYwZuKD+dhOLVNHsfo/wPVK+NfTwPzsrYWOTLjZIWsKEFF5ykMTIsOKJepKmfKI1kjDDPDPhD+UX11/JTIk2/er5OiSAKvFoDI3bfzqgQjL5FdtuVbX9a7DnIpVBt/CtPNjOVHUw4xucHXw6b8CisT4gq5UT7htnBM="
                    ],
                    "password": "",
                    "username": "fanat"
                  }
                ],
                "user_data_file_id": "",
                "vendor_data_file_id": ""
              }
            ],
            "ipv4_addresses": [
              [
                "127.0.0.1"
              ],
              [
                "192.168.1.53"
              ]
            ],
            "ipv6_addresses": [
              [
                "::1"
              ],
              [
                "fe80::be24:11ff:fed7:fce8"
              ]
            ],
            "keyboard_layout": "en-us",
            "kvm_arguments": "",
            "mac_addresses": [
              "00:00:00:00:00:00",
              "BC:24:11:D7:FC:E8"
            ],
            "machine": "",
            "memory": [
              {
                "dedicated": 2048,
                "floating": 0,
                "shared": 0
              }
            ],
            "migrate": false,
            "name": "fanat-minio-3",
            "network_device": [
              {
                "bridge": "vmbr0",
                "enabled": true,
                "firewall": false,
                "mac_address": "BC:24:11:D7:FC:E8",
                "model": "virtio",
                "mtu": 0,
                "queues": 0,
                "rate_limit": 0,
                "vlan_id": 0
              }
            ],
            "network_interface_names": [
              "lo",
              "eth0"
            ],
            "node_name": "proxmox",
            "on_boot": true,
            "operating_system": [],
            "pool_id": null,
            "reboot": false,
            "scsi_hardware": "virtio-scsi-pci",
            "serial_device": [],
            "smbios": [],
            "started": true,
            "startup": [],
            "stop_on_destroy": false,
            "tablet_device": true,
            "tags": [],
            "template": false,
            "timeout_clone": 1800,
            "timeout_create": 1800,
            "timeout_migrate": 1800,
            "timeout_move_disk": 1800,
            "timeout_reboot": 1800,
            "timeout_shutdown_vm": 1800,
            "timeout_start_vm": 1800,
            "timeout_stop_vm": 300,
            "tpm_state": [],
            "usb": [],
            "vga": [],
            "vm_id": 103
          },
          "sensitive_attributes": [],
          "private": "bnVsbA==",
          "dependencies": [
            "proxmox_virtual_environment_file.ubuntu_cloud_image"
          ]
        }
      ]
    },
    {
      "mode": "managed",
      "type": "proxmox_virtual_environment_vm",
      "name": "fanat-test-ubuntu",
      "provider": "provider[\"registry.terraform.io/bpg/proxmox\"]",
      "instances": [
        {
          "schema_version": 0,
          "attributes": {
            "acpi": true,
            "agent": [
              {
                "enabled": true,
                "timeout": "15m",
                "trim": false,
                "type": "virtio"
              }
            ],
            "audio_device": [],
            "bios": "seabios",
            "boot_order": null,
            "cdrom": [],
            "clone": [],
            "cpu": [
              {
                "architecture": "x86_64",
                "cores": 4,
                "flags": [],
                "hotplugged": 0,
                "limit": 0,
                "numa": false,
                "sockets": 1,
                "type": "qemu64",
                "units": 1024
              }
            ],
            "description": "",
            "disk": [
              {
                "cache": "none",
                "datastore_id": "local-btrfs",
                "discard": "on",
                "file_format": "raw",
                "file_id": "local-btrfs:iso/jammy-server-cloudimg-amd64.img",
                "interface": "virtio0",
                "iothread": true,
                "path_in_datastore": "102/vm-102-disk-0.raw",
                "size": 20,
                "speed": [],
                "ssd": false
              }
            ],
            "efi_disk": [],
            "hook_script_file_id": null,
            "hostpci": [],
            "id": "102",
            "initialization": [
              {
                "datastore_id": "local-btrfs",
                "dns": [],
                "interface": "ide2",
                "ip_config": [
                  {
                    "ipv4": [
                      {
                        "address": "192.168.1.77/24",
                        "gateway": "192.168.1.1"
                      }
                    ],
                    "ipv6": []
                  }
                ],
                "meta_data_file_id": "",
                "network_data_file_id": "",
                "type": "",
                "user_account": [
                  {
                    "keys": [
                      "ssh-rsa AAAAB3NzaC1yc2EAAAADAQABAAABgQCQ8ShN9di/m6LXNaIORXnu8QJlJ030A6GGSzc2L3RD8KQEsfDOnrzlLifgFVEdDeigVm9gmM3fVK7p5OZVekaZ/u1x8G3pgoIOIglvjGODkIdPJGNLjU5+VZq2F5b2vPNZNMzSsCGf0HjcIRRqvYLbeG1RuNqNSxsNpynkERPLNPnhVzY8YW1lEH2aFFpbb+VJl7NSckFPkSJxgDkl0T8tbK7vQdbsl/3wLzL8cK2TlCXGavZSaiZ6BoggaFPeFA8eA9iyckVlUPy6MzPvWwfXA/Qnr8OtM0q/wM7Efs3c/Nmc9kwFLSIQIysLBsSB6rp2yL1cgCLVHOISmO6FyjiqXnGLZE6MkrYwZuKD+dhOLVNHsfo/wPVK+NfTwPzsrYWOTLjZIWsKEFF5ykMTIsOKJepKmfKI1kjDDPDPhD+UX11/JTIk2/er5OiSAKvFoDI3bfzqgQjL5FdtuVbX9a7DnIpVBt/CtPNjOVHUw4xucHXw6b8CisT4gq5UT7htnBM="
                    ],
                    "password": "**********",
                    "username": "fanat"
                  }
                ],
                "user_data_file_id": "",
                "vendor_data_file_id": ""
              }
            ],
            "ipv4_addresses": [
              [
                "127.0.0.1"
              ],
              [
                "192.168.1.77"
              ]
            ],
            "ipv6_addresses": [
              [
                "::1"
              ],
              [
                "fe80::be24:11ff:feed:a989"
              ]
            ],
            "keyboard_layout": "en-us",
            "kvm_arguments": "",
            "mac_addresses": [
              "00:00:00:00:00:00",
              "BC:24:11:ED:A9:89"
            ],
            "machine": "",
            "memory": [
              {
                "dedicated": 4096,
                "floating": 0,
                "shared": 0
              }
            ],
            "migrate": false,
            "name": "fanat-test-ubuntu",
            "network_device": [
              {
                "bridge": "vmbr0",
                "enabled": true,
                "firewall": false,
                "mac_address": "BC:24:11:ED:A9:89",
                "model": "virtio",
                "mtu": 0,
                "queues": 0,
                "rate_limit": 0,
                "vlan_id": 0
              }
            ],
            "network_interface_names": [
              "lo",
              "eth0"
            ],
            "node_name": "proxmox",
            "on_boot": true,
            "operating_system": [],
            "pool_id": null,
            "reboot": false,
            "scsi_hardware": "virtio-scsi-pci",
            "serial_device": [],
            "smbios": [],
            "started": true,
            "startup": [],
            "stop_on_destroy": false,
            "tablet_device": true,
            "tags": [],
            "template": false,
            "timeout_clone": 1800,
            "timeout_create": 1800,
            "timeout_migrate": 1800,
            "timeout_move_disk": 1800,
            "timeout_reboot": 1800,
            "timeout_shutdown_vm": 1800,
            "timeout_start_vm": 1800,
            "timeout_stop_vm": 300,
            "tpm_state": [],
            "usb": [],
            "vga": [],
            "vm_id": 102
          },
          "sensitive_attributes": [],
          "private": "bnVsbA==",
          "dependencies": [
            "proxmox_virtual_environment_file.ubuntu_cloud_image"
          ]
        }
      ]
    }
  ],
  "check_results": null
}
