{
  "version": 4,
  "terraform_version": "1.10.4",
  "serial": 188,
  "lineage": "2bc44c51-f402-21dc-51b7-932b27e34c87",
  "outputs": {},
  "resources": [
    {
      "mode": "managed",
      "type": "proxmox_virtual_environment_file",
      "name": "haos_cloud_image",
      "provider": "provider[\"registry.terraform.io/bpg/proxmox\"]",
      "instances": [
        {
          "schema_version": 0,
          "attributes": {
            "content_type": "iso",
            "datastore_id": "local",
            "file_modification_date": "2024-12-23T20:36:27Z",
            "file_name": "haos_ova-11.4.img",
            "file_size": 928186368,
            "file_tag": "6769c9cb-37530000",
            "id": "local:iso/haos_ova-11.4.img",
            "node_name": "proxmox",
            "overwrite": true,
            "source_file": [
              {
                "changed": false,
                "checksum": "",
                "file_name": "",
                "insecure": false,
                "min_tls": "",
                "path": "../../iso/haos_ova-11.4.img"
              }
            ],
            "source_raw": [],
            "timeout_upload": 1800
          },
          "sensitive_attributes": [],
          "private": "bnVsbA=="
        }
      ]
    },
    {
      "mode": "managed",
      "type": "proxmox_virtual_environment_file",
      "name": "ubuntu_cloud_image",
      "provider": "provider[\"registry.terraform.io/bpg/proxmox\"]",
      "instances": [
        {
          "schema_version": 0,
          "attributes": {
            "content_type": "iso",
            "datastore_id": "local",
            "file_modification_date": "2024-12-23T20:36:20Z",
            "file_name": "jammy-server-cloudimg-amd64.img",
            "file_size": 992215040,
            "file_tag": "6769c9c4-3b240000",
            "id": "local:iso/jammy-server-cloudimg-amd64.img",
            "node_name": "proxmox",
            "overwrite": true,
            "source_file": [
              {
                "changed": false,
                "checksum": "",
                "file_name": "",
                "insecure": false,
                "min_tls": "",
                "path": "../../iso/jammy-server-cloudimg-amd64.img"
              }
            ],
            "source_raw": [],
            "timeout_upload": 1800
          },
          "sensitive_attributes": [],
          "private": "bnVsbA=="
        }
      ]
    },
    {
      "mode": "managed",
      "type": "proxmox_virtual_environment_vm",
      "name": "fanat-gitlab-core",
      "provider": "provider[\"registry.terraform.io/bpg/proxmox\"]",
      "instances": [
        {
          "index_key": 0,
          "schema_version": 0,
          "attributes": {
            "acpi": true,
            "agent": [
              {
                "enabled": true,
                "timeout": "15m",
                "trim": false,
                "type": "virtio"
              }
            ],
            "audio_device": [],
            "bios": "seabios",
            "boot_order": null,
            "cdrom": [],
            "clone": [],
            "cpu": [
              {
                "architecture": "x86_64",
                "cores": 4,
                "flags": [],
                "hotplugged": 0,
                "limit": 0,
                "numa": false,
                "sockets": 1,
                "type": "qemu64",
                "units": 1024
              }
            ],
            "description": "",
            "disk": [
              {
                "cache": "none",
                "datastore_id": "local-zfs",
                "discard": "on",
                "file_format": "raw",
                "file_id": "local:iso/jammy-server-cloudimg-amd64.img",
                "interface": "virtio0",
                "iothread": true,
                "path_in_datastore": "vm-106-disk-0",
                "size": 100,
                "speed": [],
                "ssd": false
              }
            ],
            "efi_disk": [],
            "hook_script_file_id": null,
            "hostpci": [],
            "id": "106",
            "initialization": [
              {
                "datastore_id": "local-zfs",
                "dns": [],
                "interface": "ide2",
                "ip_config": [
                  {
                    "ipv4": [
                      {
                        "address": "192.168.1.90/24",
                        "gateway": "192.168.1.1"
                      }
                    ],
                    "ipv6": []
                  }
                ],
                "meta_data_file_id": "",
                "network_data_file_id": "",
                "type": "",
                "user_account": [
                  {
                    "keys": [
                      "ssh-rsa AAAAB3NzaC1yc2EAAAADAQABAAABgQCQ8ShN9di/m6LXNaIORXnu8QJlJ030A6GGSzc2L3RD8KQEsfDOnrzlLifgFVEdDeigVm9gmM3fVK7p5OZVekaZ/u1x8G3pgoIOIglvjGODkIdPJGNLjU5+VZq2F5b2vPNZNMzSsCGf0HjcIRRqvYLbeG1RuNqNSxsNpynkERPLNPnhVzY8YW1lEH2aFFpbb+VJl7NSckFPkSJxgDkl0T8tbK7vQdbsl/3wLzL8cK2TlCXGavZSaiZ6BoggaFPeFA8eA9iyckVlUPy6MzPvWwfXA/Qnr8OtM0q/wM7Efs3c/Nmc9kwFLSIQIysLBsSB6rp2yL1cgCLVHOISmO6FyjiqXnGLZE6MkrYwZuKD+dhOLVNHsfo/wPVK+NfTwPzsrYWOTLjZIWsKEFF5ykMTIsOKJepKmfKI1kjDDPDPhD+UX11/JTIk2/er5OiSAKvFoDI3bfzqgQjL5FdtuVbX9a7DnIpVBt/CtPNjOVHUw4xucHXw6b8CisT4gq5UT7htnBM="
                    ],
                    "password": "",
                    "username": "fanat"
                  }
                ],
                "user_data_file_id": "",
                "vendor_data_file_id": ""
              }
            ],
            "ipv4_addresses": [
              [
                "127.0.0.1"
              ],
              [
                "192.168.1.90"
              ]
            ],
            "ipv6_addresses": [
              [
                "::1"
              ],
              [
                "fdd5:6ea7:eaf2:0:be24:11ff:fe6e:8d28",
                "fe80::be24:11ff:fe6e:8d28"
              ]
            ],
            "keyboard_layout": "en-us",
            "kvm_arguments": "",
            "mac_addresses": [
              "00:00:00:00:00:00",
              "BC:24:11:6E:8D:28"
            ],
            "machine": "",
            "memory": [
              {
                "dedicated": 4096,
                "floating": 0,
                "shared": 0
              }
            ],
            "migrate": false,
            "name": "fanat-gitlab-core",
            "network_device": [
              {
                "bridge": "vmbr0",
                "enabled": true,
                "firewall": false,
                "mac_address": "BC:24:11:6E:8D:28",
                "model": "virtio",
                "mtu": 0,
                "queues": 0,
                "rate_limit": 0,
                "vlan_id": 0
              }
            ],
            "network_interface_names": [
              "lo",
              "eth0"
            ],
            "node_name": "proxmox",
            "on_boot": true,
            "operating_system": [],
            "pool_id": null,
            "reboot": false,
            "scsi_hardware": "virtio-scsi-pci",
            "serial_device": [],
            "smbios": [],
            "started": true,
            "startup": [],
            "stop_on_destroy": false,
            "tablet_device": true,
            "tags": [],
            "template": false,
            "timeout_clone": 1800,
            "timeout_create": 1800,
            "timeout_migrate": 1800,
            "timeout_move_disk": 1800,
            "timeout_reboot": 1800,
            "timeout_shutdown_vm": 1800,
            "timeout_start_vm": 1800,
            "timeout_stop_vm": 300,
            "tpm_state": [],
            "usb": [],
            "vga": [],
            "vm_id": 106
          },
          "sensitive_attributes": [
            [
              {
                "type": "get_attr",
                "value": "initialization"
              },
              {
                "type": "index",
                "value": {
                  "value": 0,
                  "type": "number"
                }
              },
              {
                "type": "get_attr",
                "value": "user_account"
              },
              {
                "type": "index",
                "value": {
                  "value": 0,
                  "type": "number"
                }
              },
              {
                "type": "get_attr",
                "value": "password"
              }
            ]
          ],
          "private": "bnVsbA==",
          "dependencies": [
            "proxmox_virtual_environment_file.ubuntu_cloud_image"
          ]
        }
      ]
    },
    {
      "mode": "managed",
      "type": "proxmox_virtual_environment_vm",
      "name": "fanat-gitlab-runner",
      "provider": "provider[\"registry.terraform.io/bpg/proxmox\"]",
      "instances": [
        {
          "index_key": 0,
          "schema_version": 0,
          "attributes": {
            "acpi": true,
            "agent": [
              {
                "enabled": true,
                "timeout": "15m",
                "trim": false,
                "type": "virtio"
              }
            ],
            "audio_device": [],
            "bios": "seabios",
            "boot_order": null,
            "cdrom": [],
            "clone": [],
            "cpu": [
              {
                "architecture": "x86_64",
                "cores": 4,
                "flags": [],
                "hotplugged": 0,
                "limit": 0,
                "numa": false,
                "sockets": 1,
                "type": "qemu64",
                "units": 1024
              }
            ],
            "description": "",
            "disk": [
              {
                "cache": "none",
                "datastore_id": "local-zfs",
                "discard": "on",
                "file_format": "raw",
                "file_id": "local:iso/jammy-server-cloudimg-amd64.img",
                "interface": "virtio0",
                "iothread": true,
                "path_in_datastore": "vm-101-disk-0",
                "size": 20,
                "speed": [],
                "ssd": false
              }
            ],
            "efi_disk": [],
            "hook_script_file_id": null,
            "hostpci": [],
            "id": "101",
            "initialization": [
              {
                "datastore_id": "local-zfs",
                "dns": [],
                "interface": "ide2",
                "ip_config": [
                  {
                    "ipv4": [
                      {
                        "address": "192.168.1.91/24",
                        "gateway": "192.168.1.1"
                      }
                    ],
                    "ipv6": []
                  }
                ],
                "meta_data_file_id": "",
                "network_data_file_id": "",
                "type": "",
                "user_account": [
                  {
                    "keys": [
                      "ssh-rsa AAAAB3NzaC1yc2EAAAADAQABAAABgQCQ8ShN9di/m6LXNaIORXnu8QJlJ030A6GGSzc2L3RD8KQEsfDOnrzlLifgFVEdDeigVm9gmM3fVK7p5OZVekaZ/u1x8G3pgoIOIglvjGODkIdPJGNLjU5+VZq2F5b2vPNZNMzSsCGf0HjcIRRqvYLbeG1RuNqNSxsNpynkERPLNPnhVzY8YW1lEH2aFFpbb+VJl7NSckFPkSJxgDkl0T8tbK7vQdbsl/3wLzL8cK2TlCXGavZSaiZ6BoggaFPeFA8eA9iyckVlUPy6MzPvWwfXA/Qnr8OtM0q/wM7Efs3c/Nmc9kwFLSIQIysLBsSB6rp2yL1cgCLVHOISmO6FyjiqXnGLZE6MkrYwZuKD+dhOLVNHsfo/wPVK+NfTwPzsrYWOTLjZIWsKEFF5ykMTIsOKJepKmfKI1kjDDPDPhD+UX11/JTIk2/er5OiSAKvFoDI3bfzqgQjL5FdtuVbX9a7DnIpVBt/CtPNjOVHUw4xucHXw6b8CisT4gq5UT7htnBM="
                    ],
                    "password": "",
                    "username": "fanat"
                  }
                ],
                "user_data_file_id": "",
                "vendor_data_file_id": ""
              }
            ],
            "ipv4_addresses": [
              [
                "127.0.0.1"
              ],
              [
                "192.168.1.91"
              ]
            ],
            "ipv6_addresses": [
              [
                "::1"
              ],
              [
                "fdd5:6ea7:eaf2:0:be24:11ff:fe76:1249",
                "fe80::be24:11ff:fe76:1249"
              ]
            ],
            "keyboard_layout": "en-us",
            "kvm_arguments": "",
            "mac_addresses": [
              "00:00:00:00:00:00",
              "BC:24:11:76:12:49"
            ],
            "machine": "",
            "memory": [
              {
                "dedicated": 2048,
                "floating": 0,
                "shared": 0
              }
            ],
            "migrate": false,
            "name": "fanat-gitlab-runner-0",
            "network_device": [
              {
                "bridge": "vmbr0",
                "enabled": true,
                "firewall": false,
                "mac_address": "BC:24:11:76:12:49",
                "model": "virtio",
                "mtu": 0,
                "queues": 0,
                "rate_limit": 0,
                "vlan_id": 0
              }
            ],
            "network_interface_names": [
              "lo",
              "eth0"
            ],
            "node_name": "proxmox",
            "on_boot": true,
            "operating_system": [],
            "pool_id": null,
            "reboot": false,
            "scsi_hardware": "virtio-scsi-pci",
            "serial_device": [],
            "smbios": [],
            "started": true,
            "startup": [],
            "stop_on_destroy": false,
            "tablet_device": true,
            "tags": [],
            "template": false,
            "timeout_clone": 1800,
            "timeout_create": 1800,
            "timeout_migrate": 1800,
            "timeout_move_disk": 1800,
            "timeout_reboot": 1800,
            "timeout_shutdown_vm": 1800,
            "timeout_start_vm": 1800,
            "timeout_stop_vm": 300,
            "tpm_state": [],
            "usb": [],
            "vga": [],
            "vm_id": 101
          },
          "sensitive_attributes": [
            [
              {
                "type": "get_attr",
                "value": "initialization"
              },
              {
                "type": "index",
                "value": {
                  "value": 0,
                  "type": "number"
                }
              },
              {
                "type": "get_attr",
                "value": "user_account"
              },
              {
                "type": "index",
                "value": {
                  "value": 0,
                  "type": "number"
                }
              },
              {
                "type": "get_attr",
                "value": "password"
              }
            ]
          ],
          "private": "bnVsbA==",
          "dependencies": [
            "proxmox_virtual_environment_file.ubuntu_cloud_image"
          ]
        },
        {
          "index_key": 1,
          "schema_version": 0,
          "attributes": {
            "acpi": true,
            "agent": [
              {
                "enabled": true,
                "timeout": "15m",
                "trim": false,
                "type": "virtio"
              }
            ],
            "audio_device": [],
            "bios": "seabios",
            "boot_order": null,
            "cdrom": [],
            "clone": [],
            "cpu": [
              {
                "architecture": "x86_64",
                "cores": 4,
                "flags": [],
                "hotplugged": 0,
                "limit": 0,
                "numa": false,
                "sockets": 1,
                "type": "qemu64",
                "units": 1024
              }
            ],
            "description": "",
            "disk": [
              {
                "cache": "none",
                "datastore_id": "local-zfs",
                "discard": "on",
                "file_format": "raw",
                "file_id": "local:iso/jammy-server-cloudimg-amd64.img",
                "interface": "virtio0",
                "iothread": true,
                "path_in_datastore": "vm-107-disk-0",
                "size": 20,
                "speed": [],
                "ssd": false
              }
            ],
            "efi_disk": [],
            "hook_script_file_id": null,
            "hostpci": [],
            "id": "107",
            "initialization": [
              {
                "datastore_id": "local-zfs",
                "dns": [],
                "interface": "ide2",
                "ip_config": [
                  {
                    "ipv4": [
                      {
                        "address": "192.168.1.92/24",
                        "gateway": "192.168.1.1"
                      }
                    ],
                    "ipv6": []
                  }
                ],
                "meta_data_file_id": "",
                "network_data_file_id": "",
                "type": "",
                "user_account": [
                  {
                    "keys": [
                      "ssh-rsa AAAAB3NzaC1yc2EAAAADAQABAAABgQCQ8ShN9di/m6LXNaIORXnu8QJlJ030A6GGSzc2L3RD8KQEsfDOnrzlLifgFVEdDeigVm9gmM3fVK7p5OZVekaZ/u1x8G3pgoIOIglvjGODkIdPJGNLjU5+VZq2F5b2vPNZNMzSsCGf0HjcIRRqvYLbeG1RuNqNSxsNpynkERPLNPnhVzY8YW1lEH2aFFpbb+VJl7NSckFPkSJxgDkl0T8tbK7vQdbsl/3wLzL8cK2TlCXGavZSaiZ6BoggaFPeFA8eA9iyckVlUPy6MzPvWwfXA/Qnr8OtM0q/wM7Efs3c/Nmc9kwFLSIQIysLBsSB6rp2yL1cgCLVHOISmO6FyjiqXnGLZE6MkrYwZuKD+dhOLVNHsfo/wPVK+NfTwPzsrYWOTLjZIWsKEFF5ykMTIsOKJepKmfKI1kjDDPDPhD+UX11/JTIk2/er5OiSAKvFoDI3bfzqgQjL5FdtuVbX9a7DnIpVBt/CtPNjOVHUw4xucHXw6b8CisT4gq5UT7htnBM="
                    ],
                    "password": "",
                    "username": "fanat"
                  }
                ],
                "user_data_file_id": "",
                "vendor_data_file_id": ""
              }
            ],
            "ipv4_addresses": [
              [
                "127.0.0.1"
              ],
              [
                "192.168.1.92"
              ]
            ],
            "ipv6_addresses": [
              [
                "::1"
              ],
              [
                "fdd5:6ea7:eaf2:0:be24:11ff:fe8e:a1ab",
                "fe80::be24:11ff:fe8e:a1ab"
              ]
            ],
            "keyboard_layout": "en-us",
            "kvm_arguments": "",
            "mac_addresses": [
              "00:00:00:00:00:00",
              "BC:24:11:8E:A1:AB"
            ],
            "machine": "",
            "memory": [
              {
                "dedicated": 2048,
                "floating": 0,
                "shared": 0
              }
            ],
            "migrate": false,
            "name": "fanat-gitlab-runner-1",
            "network_device": [
              {
                "bridge": "vmbr0",
                "enabled": true,
                "firewall": false,
                "mac_address": "BC:24:11:8E:A1:AB",
                "model": "virtio",
                "mtu": 0,
                "queues": 0,
                "rate_limit": 0,
                "vlan_id": 0
              }
            ],
            "network_interface_names": [
              "lo",
              "eth0"
            ],
            "node_name": "proxmox",
            "on_boot": true,
            "operating_system": [],
            "pool_id": null,
            "reboot": false,
            "scsi_hardware": "virtio-scsi-pci",
            "serial_device": [],
            "smbios": [],
            "started": true,
            "startup": [],
            "stop_on_destroy": false,
            "tablet_device": true,
            "tags": [],
            "template": false,
            "timeout_clone": 1800,
            "timeout_create": 1800,
            "timeout_migrate": 1800,
            "timeout_move_disk": 1800,
            "timeout_reboot": 1800,
            "timeout_shutdown_vm": 1800,
            "timeout_start_vm": 1800,
            "timeout_stop_vm": 300,
            "tpm_state": [],
            "usb": [],
            "vga": [],
            "vm_id": 107
          },
          "sensitive_attributes": [
            [
              {
                "type": "get_attr",
                "value": "initialization"
              },
              {
                "type": "index",
                "value": {
                  "value": 0,
                  "type": "number"
                }
              },
              {
                "type": "get_attr",
                "value": "user_account"
              },
              {
                "type": "index",
                "value": {
                  "value": 0,
                  "type": "number"
                }
              },
              {
                "type": "get_attr",
                "value": "password"
              }
            ]
          ],
          "private": "bnVsbA==",
          "dependencies": [
            "proxmox_virtual_environment_file.ubuntu_cloud_image"
          ]
        }
      ]
    },
    {
      "mode": "managed",
      "type": "proxmox_virtual_environment_vm",
      "name": "fanat-k8s-cluster-control",
      "provider": "provider[\"registry.terraform.io/bpg/proxmox\"]",
      "instances": [
        {
          "index_key": 0,
          "schema_version": 0,
          "attributes": {
            "acpi": true,
            "agent": [
              {
                "enabled": true,
                "timeout": "15m",
                "trim": false,
                "type": "virtio"
              }
            ],
            "audio_device": [],
            "bios": "seabios",
            "boot_order": null,
            "cdrom": [],
            "clone": [],
            "cpu": [
              {
                "architecture": "x86_64",
                "cores": 4,
                "flags": [],
                "hotplugged": 0,
                "limit": 0,
                "numa": false,
                "sockets": 1,
                "type": "qemu64",
                "units": 1024
              }
            ],
            "description": "",
            "disk": [
              {
                "cache": "none",
                "datastore_id": "local-zfs",
                "discard": "on",
                "file_format": "raw",
                "file_id": "local:iso/jammy-server-cloudimg-amd64.img",
                "interface": "virtio0",
                "iothread": true,
                "path_in_datastore": "vm-102-disk-0",
                "size": 20,
                "speed": [],
                "ssd": false
              }
            ],
            "efi_disk": [],
            "hook_script_file_id": null,
            "hostpci": [],
            "id": "102",
            "initialization": [
              {
                "datastore_id": "local-zfs",
                "dns": [],
                "interface": "ide2",
                "ip_config": [
                  {
                    "ipv4": [
                      {
                        "address": "192.168.1.40/24",
                        "gateway": "192.168.1.1"
                      }
                    ],
                    "ipv6": []
                  }
                ],
                "meta_data_file_id": "",
                "network_data_file_id": "",
                "type": "",
                "user_account": [
                  {
                    "keys": [
                      "ssh-rsa AAAAB3NzaC1yc2EAAAADAQABAAABgQCQ8ShN9di/m6LXNaIORXnu8QJlJ030A6GGSzc2L3RD8KQEsfDOnrzlLifgFVEdDeigVm9gmM3fVK7p5OZVekaZ/u1x8G3pgoIOIglvjGODkIdPJGNLjU5+VZq2F5b2vPNZNMzSsCGf0HjcIRRqvYLbeG1RuNqNSxsNpynkERPLNPnhVzY8YW1lEH2aFFpbb+VJl7NSckFPkSJxgDkl0T8tbK7vQdbsl/3wLzL8cK2TlCXGavZSaiZ6BoggaFPeFA8eA9iyckVlUPy6MzPvWwfXA/Qnr8OtM0q/wM7Efs3c/Nmc9kwFLSIQIysLBsSB6rp2yL1cgCLVHOISmO6FyjiqXnGLZE6MkrYwZuKD+dhOLVNHsfo/wPVK+NfTwPzsrYWOTLjZIWsKEFF5ykMTIsOKJepKmfKI1kjDDPDPhD+UX11/JTIk2/er5OiSAKvFoDI3bfzqgQjL5FdtuVbX9a7DnIpVBt/CtPNjOVHUw4xucHXw6b8CisT4gq5UT7htnBM="
                    ],
                    "password": "",
                    "username": "fanat"
                  }
                ],
                "user_data_file_id": "",
                "vendor_data_file_id": ""
              }
            ],
            "ipv4_addresses": [
              [
                "127.0.0.1"
              ],
              [
                "192.168.1.40"
              ],
              [
                "10.244.0.0"
              ],
              [
                "10.244.0.1"
              ],
              []
            ],
            "ipv6_addresses": [
              [
                "::1"
              ],
              [
                "fdd5:6ea7:eaf2::a8f",
                "fdd5:6ea7:eaf2:0:be24:11ff:fe49:abfd",
                "fe80::be24:11ff:fe49:abfd"
              ],
              [
                "fe80::88ce:7bff:feb8:1e3b"
              ],
              [
                "fe80::58b9:ffff:feeb:4340"
              ],
              [
                "fe80::70ad:afff:fec9:ec85"
              ]
            ],
            "keyboard_layout": "en-us",
            "kvm_arguments": "",
            "mac_addresses": [
              "00:00:00:00:00:00",
              "BC:24:11:49:AB:FD",
              "8A:CE:7B:B8:1E:3B",
              "5A:B9:FF:EB:43:40",
              "72:AD:AF:C9:EC:85"
            ],
            "machine": "",
            "memory": [
              {
                "dedicated": 2048,
                "floating": 0,
                "shared": 0
              }
            ],
            "migrate": false,
            "name": "fanat-k8s-control-plane-0",
            "network_device": [
              {
                "bridge": "vmbr0",
                "enabled": true,
                "firewall": false,
                "mac_address": "BC:24:11:49:AB:FD",
                "model": "virtio",
                "mtu": 0,
                "queues": 0,
                "rate_limit": 0,
                "vlan_id": 0
              }
            ],
            "network_interface_names": [
              "lo",
              "eth0",
              "flannel.1",
              "cni0",
              "veth3eba98ef"
            ],
            "node_name": "proxmox",
            "on_boot": true,
            "operating_system": [],
            "pool_id": null,
            "reboot": false,
            "scsi_hardware": "virtio-scsi-pci",
            "serial_device": [],
            "smbios": [],
            "started": true,
            "startup": [],
            "stop_on_destroy": false,
            "tablet_device": true,
            "tags": [],
            "template": false,
            "timeout_clone": 1800,
            "timeout_create": 1800,
            "timeout_migrate": 1800,
            "timeout_move_disk": 1800,
            "timeout_reboot": 1800,
            "timeout_shutdown_vm": 1800,
            "timeout_start_vm": 1800,
            "timeout_stop_vm": 300,
            "tpm_state": [],
            "usb": [],
            "vga": [],
            "vm_id": 102
          },
          "sensitive_attributes": [
            [
              {
                "type": "get_attr",
                "value": "initialization"
              },
              {
                "type": "index",
                "value": {
                  "value": 0,
                  "type": "number"
                }
              },
              {
                "type": "get_attr",
                "value": "user_account"
              },
              {
                "type": "index",
                "value": {
                  "value": 0,
                  "type": "number"
                }
              },
              {
                "type": "get_attr",
                "value": "password"
              }
            ]
          ],
          "private": "bnVsbA==",
          "dependencies": [
            "proxmox_virtual_environment_file.ubuntu_cloud_image"
          ]
        }
      ]
    },
    {
      "mode": "managed",
      "type": "proxmox_virtual_environment_vm",
      "name": "fanat-k8s-cluster-worker",
      "provider": "provider[\"registry.terraform.io/bpg/proxmox\"]",
      "instances": [
        {
          "index_key": 0,
          "schema_version": 0,
          "attributes": {
            "acpi": true,
            "agent": [
              {
                "enabled": true,
                "timeout": "15m",
                "trim": false,
                "type": "virtio"
              }
            ],
            "audio_device": [],
            "bios": "seabios",
            "boot_order": null,
            "cdrom": [],
            "clone": [],
            "cpu": [
              {
                "architecture": "x86_64",
                "cores": 4,
                "flags": [],
                "hotplugged": 0,
                "limit": 0,
                "numa": false,
                "sockets": 1,
                "type": "qemu64",
                "units": 1024
              }
            ],
            "description": "",
            "disk": [
              {
                "cache": "none",
                "datastore_id": "local-zfs",
                "discard": "on",
                "file_format": "raw",
                "file_id": "local:iso/jammy-server-cloudimg-amd64.img",
                "interface": "virtio0",
                "iothread": true,
                "path_in_datastore": "vm-104-disk-0",
                "size": 20,
                "speed": [],
                "ssd": false
              }
            ],
            "efi_disk": [],
            "hook_script_file_id": null,
            "hostpci": [],
            "id": "104",
            "initialization": [
              {
                "datastore_id": "local-zfs",
                "dns": [],
                "interface": "ide2",
                "ip_config": [
                  {
                    "ipv4": [
                      {
                        "address": "192.168.1.43/24",
                        "gateway": "192.168.1.1"
                      }
                    ],
                    "ipv6": []
                  }
                ],
                "meta_data_file_id": "",
                "network_data_file_id": "",
                "type": "",
                "user_account": [
                  {
                    "keys": [
                      "ssh-rsa AAAAB3NzaC1yc2EAAAADAQABAAABgQCQ8ShN9di/m6LXNaIORXnu8QJlJ030A6GGSzc2L3RD8KQEsfDOnrzlLifgFVEdDeigVm9gmM3fVK7p5OZVekaZ/u1x8G3pgoIOIglvjGODkIdPJGNLjU5+VZq2F5b2vPNZNMzSsCGf0HjcIRRqvYLbeG1RuNqNSxsNpynkERPLNPnhVzY8YW1lEH2aFFpbb+VJl7NSckFPkSJxgDkl0T8tbK7vQdbsl/3wLzL8cK2TlCXGavZSaiZ6BoggaFPeFA8eA9iyckVlUPy6MzPvWwfXA/Qnr8OtM0q/wM7Efs3c/Nmc9kwFLSIQIysLBsSB6rp2yL1cgCLVHOISmO6FyjiqXnGLZE6MkrYwZuKD+dhOLVNHsfo/wPVK+NfTwPzsrYWOTLjZIWsKEFF5ykMTIsOKJepKmfKI1kjDDPDPhD+UX11/JTIk2/er5OiSAKvFoDI3bfzqgQjL5FdtuVbX9a7DnIpVBt/CtPNjOVHUw4xucHXw6b8CisT4gq5UT7htnBM="
                    ],
                    "password": "",
                    "username": "fanat"
                  }
                ],
                "user_data_file_id": "",
                "vendor_data_file_id": ""
              }
            ],
            "ipv4_addresses": [
              [
                "127.0.0.1"
              ],
              [
                "192.168.1.43"
              ],
              [
                "10.244.1.0"
              ],
              [
                "10.244.1.1"
              ],
              [],
              [],
              [],
              [],
              [],
              [],
              [],
              [],
              [],
              []
            ],
            "ipv6_addresses": [
              [
                "::1"
              ],
              [
                "fdd5:6ea7:eaf2:0:be24:11ff:fe29:7849",
                "fe80::be24:11ff:fe29:7849"
              ],
              [
                "fe80::4c6d:20ff:fe19:4332"
              ],
              [
                "fe80::40ff:45ff:fe8c:5986"
              ],
              [
                "fe80::90ed:bbff:fe3c:6ac2"
              ],
              [
                "fe80::8fb:3aff:feea:8dbb"
              ],
              [
                "fe80::d437:15ff:fe5a:fc03"
              ],
              [
                "fe80::f43a:29ff:fe5b:e39e"
              ],
              [
                "fe80::d0bb:a5ff:fe6c:4460"
              ],
              [
                "fe80::f4a7:e6ff:fe95:cc5c"
              ],
              [
                "fe80::f4e2:cfff:fef4:7f61"
              ],
              [
                "fe80::b8b0:71ff:fe19:78e4"
              ],
              [
                "fe80::bccf:74ff:fee4:cfa6"
              ],
              [
                "fe80::a0cd:51ff:fee7:832e"
              ]
            ],
            "keyboard_layout": "en-us",
            "kvm_arguments": "",
            "mac_addresses": [
              "00:00:00:00:00:00",
              "BC:24:11:29:78:49",
              "4E:6D:20:19:43:32",
              "42:FF:45:8C:59:86",
              "92:ED:BB:3C:6A:C2",
              "0A:FB:3A:EA:8D:BB",
              "D6:37:15:5A:FC:03",
              "F6:3A:29:5B:E3:9E",
              "D2:BB:A5:6C:44:60",
              "F6:A7:E6:95:CC:5C",
              "F6:E2:CF:F4:7F:61",
              "BA:B0:71:19:78:E4",
              "BE:CF:74:E4:CF:A6",
              "A2:CD:51:E7:83:2E"
            ],
            "machine": "",
            "memory": [
              {
                "dedicated": 2048,
                "floating": 0,
                "shared": 0
              }
            ],
            "migrate": false,
            "name": "fanat-k8s-worker-0",
            "network_device": [
              {
                "bridge": "vmbr0",
                "enabled": true,
                "firewall": false,
                "mac_address": "BC:24:11:29:78:49",
                "model": "virtio",
                "mtu": 0,
                "queues": 0,
                "rate_limit": 0,
                "vlan_id": 0
              }
            ],
            "network_interface_names": [
              "lo",
              "eth0",
              "flannel.1",
              "cni0",
              "veth597043f0",
              "veth167c4b2a",
              "vethc97b6562",
              "vethedb67b12",
              "vethc2835613",
              "veth231af74f",
              "veth4e6c8076",
              "veth4d62a5ee",
              "veth722c05eb",
              "veth37e01455"
            ],
            "node_name": "proxmox",
            "on_boot": true,
            "operating_system": [],
            "pool_id": null,
            "reboot": false,
            "scsi_hardware": "virtio-scsi-pci",
            "serial_device": [],
            "smbios": [],
            "started": true,
            "startup": [],
            "stop_on_destroy": false,
            "tablet_device": true,
            "tags": [],
            "template": false,
            "timeout_clone": 1800,
            "timeout_create": 1800,
            "timeout_migrate": 1800,
            "timeout_move_disk": 1800,
            "timeout_reboot": 1800,
            "timeout_shutdown_vm": 1800,
            "timeout_start_vm": 1800,
            "timeout_stop_vm": 300,
            "tpm_state": [],
            "usb": [],
            "vga": [],
            "vm_id": 104
          },
          "sensitive_attributes": [
            [
              {
                "type": "get_attr",
                "value": "initialization"
              },
              {
                "type": "index",
                "value": {
                  "value": 0,
                  "type": "number"
                }
              },
              {
                "type": "get_attr",
                "value": "user_account"
              },
              {
                "type": "index",
                "value": {
                  "value": 0,
                  "type": "number"
                }
              },
              {
                "type": "get_attr",
                "value": "password"
              }
            ]
          ],
          "private": "bnVsbA==",
          "dependencies": [
            "proxmox_virtual_environment_file.ubuntu_cloud_image"
          ]
        },
        {
          "index_key": 1,
          "schema_version": 0,
          "attributes": {
            "acpi": true,
            "agent": [
              {
                "enabled": true,
                "timeout": "15m",
                "trim": false,
                "type": "virtio"
              }
            ],
            "audio_device": [],
            "bios": "seabios",
            "boot_order": null,
            "cdrom": [],
            "clone": [],
            "cpu": [
              {
                "architecture": "x86_64",
                "cores": 4,
                "flags": [],
                "hotplugged": 0,
                "limit": 0,
                "numa": false,
                "sockets": 1,
                "type": "qemu64",
                "units": 1024
              }
            ],
            "description": "",
            "disk": [
              {
                "cache": "none",
                "datastore_id": "local-zfs",
                "discard": "on",
                "file_format": "raw",
                "file_id": "local:iso/jammy-server-cloudimg-amd64.img",
                "interface": "virtio0",
                "iothread": true,
                "path_in_datastore": "vm-105-disk-0",
                "size": 20,
                "speed": [],
                "ssd": false
              }
            ],
            "efi_disk": [],
            "hook_script_file_id": null,
            "hostpci": [],
            "id": "105",
            "initialization": [
              {
                "datastore_id": "local-zfs",
                "dns": [],
                "interface": "ide2",
                "ip_config": [
                  {
                    "ipv4": [
                      {
                        "address": "192.168.1.44/24",
                        "gateway": "192.168.1.1"
                      }
                    ],
                    "ipv6": []
                  }
                ],
                "meta_data_file_id": "",
                "network_data_file_id": "",
                "type": "",
                "user_account": [
                  {
                    "keys": [
                      "ssh-rsa AAAAB3NzaC1yc2EAAAADAQABAAABgQCQ8ShN9di/m6LXNaIORXnu8QJlJ030A6GGSzc2L3RD8KQEsfDOnrzlLifgFVEdDeigVm9gmM3fVK7p5OZVekaZ/u1x8G3pgoIOIglvjGODkIdPJGNLjU5+VZq2F5b2vPNZNMzSsCGf0HjcIRRqvYLbeG1RuNqNSxsNpynkERPLNPnhVzY8YW1lEH2aFFpbb+VJl7NSckFPkSJxgDkl0T8tbK7vQdbsl/3wLzL8cK2TlCXGavZSaiZ6BoggaFPeFA8eA9iyckVlUPy6MzPvWwfXA/Qnr8OtM0q/wM7Efs3c/Nmc9kwFLSIQIysLBsSB6rp2yL1cgCLVHOISmO6FyjiqXnGLZE6MkrYwZuKD+dhOLVNHsfo/wPVK+NfTwPzsrYWOTLjZIWsKEFF5ykMTIsOKJepKmfKI1kjDDPDPhD+UX11/JTIk2/er5OiSAKvFoDI3bfzqgQjL5FdtuVbX9a7DnIpVBt/CtPNjOVHUw4xucHXw6b8CisT4gq5UT7htnBM="
                    ],
                    "password": "",
                    "username": "fanat"
                  }
                ],
                "user_data_file_id": "",
                "vendor_data_file_id": ""
              }
            ],
            "ipv4_addresses": [
              [
                "127.0.0.1"
              ],
              [
                "192.168.1.44"
              ],
              [
                "10.244.2.0"
              ]
            ],
            "ipv6_addresses": [
              [
                "::1"
              ],
              [
                "fdd5:6ea7:eaf2:0:be24:11ff:fed7:5828",
                "fe80::be24:11ff:fed7:5828"
              ],
              [
                "fe80::648b:40ff:fee0:b441"
              ]
            ],
            "keyboard_layout": "en-us",
            "kvm_arguments": "",
            "mac_addresses": [
              "00:00:00:00:00:00",
              "BC:24:11:D7:58:28",
              "66:8B:40:E0:B4:41"
            ],
            "machine": "",
            "memory": [
              {
                "dedicated": 2048,
                "floating": 0,
                "shared": 0
              }
            ],
            "migrate": false,
            "name": "fanat-k8s-worker-1",
            "network_device": [
              {
                "bridge": "vmbr0",
                "enabled": true,
                "firewall": false,
                "mac_address": "BC:24:11:D7:58:28",
                "model": "virtio",
                "mtu": 0,
                "queues": 0,
                "rate_limit": 0,
                "vlan_id": 0
              }
            ],
            "network_interface_names": [
              "lo",
              "eth0",
              "flannel.1"
            ],
            "node_name": "proxmox",
            "on_boot": true,
            "operating_system": [],
            "pool_id": null,
            "reboot": false,
            "scsi_hardware": "virtio-scsi-pci",
            "serial_device": [],
            "smbios": [],
            "started": true,
            "startup": [],
            "stop_on_destroy": false,
            "tablet_device": true,
            "tags": [],
            "template": false,
            "timeout_clone": 1800,
            "timeout_create": 1800,
            "timeout_migrate": 1800,
            "timeout_move_disk": 1800,
            "timeout_reboot": 1800,
            "timeout_shutdown_vm": 1800,
            "timeout_start_vm": 1800,
            "timeout_stop_vm": 300,
            "tpm_state": [],
            "usb": [],
            "vga": [],
            "vm_id": 105
          },
          "sensitive_attributes": [
            [
              {
                "type": "get_attr",
                "value": "initialization"
              },
              {
                "type": "index",
                "value": {
                  "value": 0,
                  "type": "number"
                }
              },
              {
                "type": "get_attr",
                "value": "user_account"
              },
              {
                "type": "index",
                "value": {
                  "value": 0,
                  "type": "number"
                }
              },
              {
                "type": "get_attr",
                "value": "password"
              }
            ]
          ],
          "private": "bnVsbA==",
          "dependencies": [
            "proxmox_virtual_environment_file.ubuntu_cloud_image"
          ]
        }
      ]
    },
    {
      "mode": "managed",
      "type": "proxmox_virtual_environment_vm",
      "name": "fanat-nfs-server",
      "provider": "provider[\"registry.terraform.io/bpg/proxmox\"]",
      "instances": [
        {
          "schema_version": 0,
          "attributes": {
            "acpi": true,
            "agent": [
              {
                "enabled": true,
                "timeout": "15m",
                "trim": false,
                "type": "virtio"
              }
            ],
            "audio_device": [],
            "bios": "seabios",
            "boot_order": null,
            "cdrom": [],
            "clone": [],
            "cpu": [
              {
                "architecture": "x86_64",
                "cores": 2,
                "flags": [],
                "hotplugged": 0,
                "limit": 0,
                "numa": false,
                "sockets": 1,
                "type": "qemu64",
                "units": 1024
              }
            ],
            "description": "",
            "disk": [
              {
                "cache": "none",
                "datastore_id": "local-zfs",
                "discard": "on",
                "file_format": "raw",
                "file_id": "local:iso/jammy-server-cloudimg-amd64.img",
                "interface": "virtio0",
                "iothread": true,
                "path_in_datastore": "vm-103-disk-1",
                "size": 20,
                "speed": [],
                "ssd": false
              },
              {
                "cache": "none",
                "datastore_id": "local-zfs",
                "discard": "on",
                "file_format": "raw",
                "file_id": "",
                "interface": "virtio1",
                "iothread": true,
                "path_in_datastore": "vm-103-disk-0",
                "size": 200,
                "speed": [],
                "ssd": false
              }
            ],
            "efi_disk": [],
            "hook_script_file_id": null,
            "hostpci": [],
            "id": "103",
            "initialization": [
              {
                "datastore_id": "local-zfs",
                "dns": [],
                "interface": "ide2",
                "ip_config": [
                  {
                    "ipv4": [
                      {
                        "address": "192.168.1.95/24",
                        "gateway": "192.168.1.1"
                      }
                    ],
                    "ipv6": []
                  }
                ],
                "meta_data_file_id": "",
                "network_data_file_id": "",
                "type": "",
                "user_account": [
                  {
                    "keys": [
                      "ssh-rsa AAAAB3NzaC1yc2EAAAADAQABAAABgQCQ8ShN9di/m6LXNaIORXnu8QJlJ030A6GGSzc2L3RD8KQEsfDOnrzlLifgFVEdDeigVm9gmM3fVK7p5OZVekaZ/u1x8G3pgoIOIglvjGODkIdPJGNLjU5+VZq2F5b2vPNZNMzSsCGf0HjcIRRqvYLbeG1RuNqNSxsNpynkERPLNPnhVzY8YW1lEH2aFFpbb+VJl7NSckFPkSJxgDkl0T8tbK7vQdbsl/3wLzL8cK2TlCXGavZSaiZ6BoggaFPeFA8eA9iyckVlUPy6MzPvWwfXA/Qnr8OtM0q/wM7Efs3c/Nmc9kwFLSIQIysLBsSB6rp2yL1cgCLVHOISmO6FyjiqXnGLZE6MkrYwZuKD+dhOLVNHsfo/wPVK+NfTwPzsrYWOTLjZIWsKEFF5ykMTIsOKJepKmfKI1kjDDPDPhD+UX11/JTIk2/er5OiSAKvFoDI3bfzqgQjL5FdtuVbX9a7DnIpVBt/CtPNjOVHUw4xucHXw6b8CisT4gq5UT7htnBM="
                    ],
                    "password": "",
                    "username": "fanat"
                  }
                ],
                "user_data_file_id": "",
                "vendor_data_file_id": ""
              }
            ],
            "ipv4_addresses": [
              [
                "127.0.0.1"
              ],
              [
                "192.168.1.95"
              ]
            ],
            "ipv6_addresses": [
              [
                "::1"
              ],
              [
                "fdd5:6ea7:eaf2:0:be24:11ff:feb6:6525",
                "fe80::be24:11ff:feb6:6525"
              ]
            ],
            "keyboard_layout": "en-us",
            "kvm_arguments": "",
            "mac_addresses": [
              "00:00:00:00:00:00",
              "BC:24:11:B6:65:25"
            ],
            "machine": "",
            "memory": [
              {
                "dedicated": 1024,
                "floating": 0,
                "shared": 0
              }
            ],
            "migrate": false,
            "name": "fanat-nfs-server",
            "network_device": [
              {
                "bridge": "vmbr0",
                "enabled": true,
                "firewall": false,
                "mac_address": "BC:24:11:B6:65:25",
                "model": "virtio",
                "mtu": 0,
                "queues": 0,
                "rate_limit": 0,
                "vlan_id": 0
              }
            ],
            "network_interface_names": [
              "lo",
              "eth0"
            ],
            "node_name": "proxmox",
            "on_boot": true,
            "operating_system": [],
            "pool_id": null,
            "reboot": false,
            "scsi_hardware": "virtio-scsi-pci",
            "serial_device": [],
            "smbios": [],
            "started": true,
            "startup": [],
            "stop_on_destroy": false,
            "tablet_device": true,
            "tags": [],
            "template": false,
            "timeout_clone": 1800,
            "timeout_create": 1800,
            "timeout_migrate": 1800,
            "timeout_move_disk": 1800,
            "timeout_reboot": 1800,
            "timeout_shutdown_vm": 1800,
            "timeout_start_vm": 1800,
            "timeout_stop_vm": 300,
            "tpm_state": [],
            "usb": [],
            "vga": [],
            "vm_id": 103
          },
          "sensitive_attributes": [
            [
              {
                "type": "get_attr",
                "value": "initialization"
              },
              {
                "type": "index",
                "value": {
                  "value": 0,
                  "type": "number"
                }
              },
              {
                "type": "get_attr",
                "value": "user_account"
              },
              {
                "type": "index",
                "value": {
                  "value": 0,
                  "type": "number"
                }
              },
              {
                "type": "get_attr",
                "value": "password"
              }
            ]
          ],
          "private": "bnVsbA==",
          "dependencies": [
            "proxmox_virtual_environment_file.ubuntu_cloud_image"
          ]
        }
      ]
    },
    {
      "mode": "managed",
      "type": "proxmox_virtual_environment_vm",
      "name": "fanat-test-ubuntu",
      "provider": "provider[\"registry.terraform.io/bpg/proxmox\"]",
      "instances": [
        {
          "schema_version": 0,
          "attributes": {
            "acpi": true,
            "agent": [
              {
                "enabled": true,
                "timeout": "15m",
                "trim": false,
                "type": "virtio"
              }
            ],
            "audio_device": [],
            "bios": "seabios",
            "boot_order": null,
            "cdrom": [],
            "clone": [],
            "cpu": [
              {
                "architecture": "x86_64",
                "cores": 4,
                "flags": [],
                "hotplugged": 0,
                "limit": 0,
                "numa": false,
                "sockets": 1,
                "type": "qemu64",
                "units": 1024
              }
            ],
            "description": "",
            "disk": [
              {
                "cache": "none",
                "datastore_id": "local-zfs",
                "discard": "on",
                "file_format": "raw",
                "file_id": "local:iso/jammy-server-cloudimg-amd64.img",
                "interface": "virtio0",
                "iothread": true,
                "path_in_datastore": "vm-100-disk-0",
                "size": 20,
                "speed": [],
                "ssd": false
              }
            ],
            "efi_disk": [],
            "hook_script_file_id": null,
            "hostpci": [],
            "id": "100",
            "initialization": [
              {
                "datastore_id": "local-zfs",
                "dns": [],
                "interface": "ide2",
                "ip_config": [
                  {
                    "ipv4": [
                      {
                        "address": "192.168.1.77/24",
                        "gateway": "192.168.1.1"
                      }
                    ],
                    "ipv6": []
                  }
                ],
                "meta_data_file_id": "",
                "network_data_file_id": "",
                "type": "",
                "user_account": [
                  {
                    "keys": [
                      "ssh-rsa AAAAB3NzaC1yc2EAAAADAQABAAABgQCQ8ShN9di/m6LXNaIORXnu8QJlJ030A6GGSzc2L3RD8KQEsfDOnrzlLifgFVEdDeigVm9gmM3fVK7p5OZVekaZ/u1x8G3pgoIOIglvjGODkIdPJGNLjU5+VZq2F5b2vPNZNMzSsCGf0HjcIRRqvYLbeG1RuNqNSxsNpynkERPLNPnhVzY8YW1lEH2aFFpbb+VJl7NSckFPkSJxgDkl0T8tbK7vQdbsl/3wLzL8cK2TlCXGavZSaiZ6BoggaFPeFA8eA9iyckVlUPy6MzPvWwfXA/Qnr8OtM0q/wM7Efs3c/Nmc9kwFLSIQIysLBsSB6rp2yL1cgCLVHOISmO6FyjiqXnGLZE6MkrYwZuKD+dhOLVNHsfo/wPVK+NfTwPzsrYWOTLjZIWsKEFF5ykMTIsOKJepKmfKI1kjDDPDPhD+UX11/JTIk2/er5OiSAKvFoDI3bfzqgQjL5FdtuVbX9a7DnIpVBt/CtPNjOVHUw4xucHXw6b8CisT4gq5UT7htnBM="
                    ],
                    "password": "",
                    "username": "fanat"
                  }
                ],
                "user_data_file_id": "",
                "vendor_data_file_id": ""
              }
            ],
            "ipv4_addresses": [
              [
                "127.0.0.1"
              ],
              [
                "192.168.1.77"
              ]
            ],
            "ipv6_addresses": [
              [
                "::1"
              ],
              [
                "fdd5:6ea7:eaf2:0:be24:11ff:fe90:4c06",
                "fe80::be24:11ff:fe90:4c06"
              ]
            ],
            "keyboard_layout": "en-us",
            "kvm_arguments": "",
            "mac_addresses": [
              "00:00:00:00:00:00",
              "BC:24:11:90:4C:06"
            ],
            "machine": "",
            "memory": [
              {
                "dedicated": 2048,
                "floating": 0,
                "shared": 0
              }
            ],
            "migrate": false,
            "name": "fanat-test-ubuntu",
            "network_device": [
              {
                "bridge": "vmbr0",
                "enabled": true,
                "firewall": false,
                "mac_address": "BC:24:11:90:4C:06",
                "model": "virtio",
                "mtu": 0,
                "queues": 0,
                "rate_limit": 0,
                "vlan_id": 0
              }
            ],
            "network_interface_names": [
              "lo",
              "eth0"
            ],
            "node_name": "proxmox",
            "on_boot": true,
            "operating_system": [],
            "pool_id": null,
            "reboot": false,
            "scsi_hardware": "virtio-scsi-pci",
            "serial_device": [],
            "smbios": [],
            "started": true,
            "startup": [],
            "stop_on_destroy": false,
            "tablet_device": true,
            "tags": [],
            "template": false,
            "timeout_clone": 1800,
            "timeout_create": 1800,
            "timeout_migrate": 1800,
            "timeout_move_disk": 1800,
            "timeout_reboot": 1800,
            "timeout_shutdown_vm": 1800,
            "timeout_start_vm": 1800,
            "timeout_stop_vm": 300,
            "tpm_state": [],
            "usb": [],
            "vga": [],
            "vm_id": 100
          },
          "sensitive_attributes": [
            [
              {
                "type": "get_attr",
                "value": "initialization"
              },
              {
                "type": "index",
                "value": {
                  "value": 0,
                  "type": "number"
                }
              },
              {
                "type": "get_attr",
                "value": "user_account"
              },
              {
                "type": "index",
                "value": {
                  "value": 0,
                  "type": "number"
                }
              },
              {
                "type": "get_attr",
                "value": "password"
              }
            ]
          ],
          "private": "bnVsbA==",
          "dependencies": [
            "proxmox_virtual_environment_file.ubuntu_cloud_image"
          ]
        }
      ]
    }
  ],
  "check_results": null
}
